// !$*UTF8*$!
{
	archiveVersion = 1;
	classes = {
	};
	objectVersion = 77;
	objects = {

/* Begin PBXBuildFile section */
		01C1E84B8390289B1D225E71 /* ReimbursementModel.swift in Sources */ = {isa = PBXBuildFile; fileRef = 2143E2EC10FFF85034FFD8BB /* ReimbursementModel.swift */; };
		044565A02446EA080C44BDE8 /* AISettingsModel.swift in Sources */ = {isa = PBXBuildFile; fileRef = 075ACF23C85C06B791846066 /* AISettingsModel.swift */; };
		0593A52F50EF56D7F4AD9CF5 /* MacOverviewScreen.swift in Sources */ = {isa = PBXBuildFile; fileRef = 30AD3A2039A614D2F2543AE1 /* MacOverviewScreen.swift */; };
		060D12A491DC6B4BB43CDB1E /* MacTransactionWorkbench.swift in Sources */ = {isa = PBXBuildFile; fileRef = CEFA5476A70C105AA1026F18 /* MacTransactionWorkbench.swift */; };
		07C81CB610412DD379C0101C /* TransactionDTO.swift in Sources */ = {isa = PBXBuildFile; fileRef = 14D2F5B51728A050A74E8E3F /* TransactionDTO.swift */; };
		095E87EC30FDBE600CB36502 /* CreditRepository.swift in Sources */ = {isa = PBXBuildFile; fileRef = 6F6D5C08025FA9E847D78B61 /* CreditRepository.swift */; };
		0DB3D38B493F1B22A954DEC2 /* OverviewSnapshot.swift in Sources */ = {isa = PBXBuildFile; fileRef = 185A49CF04897A7803A09434 /* OverviewSnapshot.swift */; };
		0E59ACB97BECD3181F51A92F /* KeychainTokenStore.swift in Sources */ = {isa = PBXBuildFile; fileRef = 500D93BA4A15042D04A34190 /* KeychainTokenStore.swift */; };
		0EA71BEA24FBFE8ACA3D11F0 /* DeviceSecurityModel.swift in Sources */ = {isa = PBXBuildFile; fileRef = C34B636F2703D084EF6931D7 /* DeviceSecurityModel.swift */; };
		0F4039AAAB4DF5A9E1453CF4 /* FiscalKit.framework in Frameworks */ = {isa = PBXBuildFile; fileRef = E5E548FB37878DDEA0D9A06B /* FiscalKit.framework */; };
		15BB0F18A42867A3156A607C /* FiscalDesign.swift in Sources */ = {isa = PBXBuildFile; fileRef = C1164C772E643D0CF6996CB1 /* FiscalDesign.swift */; };
		16C11D0F2A385F40A9CA246A /* TransactionScreens.swift in Sources */ = {isa = PBXBuildFile; fileRef = 9654628B5C1FF4264957DEA3 /* TransactionScreens.swift */; };
		176EB9254474739905284C8E /* ReimbursementRepository.swift in Sources */ = {isa = PBXBuildFile; fileRef = 9A3AB4BE7E4F9C491EEA3497 /* ReimbursementRepository.swift */; };
		182C32DC2D8B456E50A6458A /* APITransport.swift in Sources */ = {isa = PBXBuildFile; fileRef = 0FC300DFA7D718CB81ABD669 /* APITransport.swift */; };
		1AA79C712F4EE4661527C1B0 /* FiscalKit.framework in Frameworks */ = {isa = PBXBuildFile; fileRef = E5E548FB37878DDEA0D9A06B /* FiscalKit.framework */; };
		1E93660618BFA3172A2C2886 /* InstallmentScreens.swift in Sources */ = {isa = PBXBuildFile; fileRef = 7B76007E6901E55864724E2F /* InstallmentScreens.swift */; };
		24906508AF6167FD113A3D03 /* Assets.xcassets in Resources */ = {isa = PBXBuildFile; fileRef = 9E82929FAEB7D2FF30F8FEE4 /* Assets.xcassets */; };
		255219906D45CCA7F176A539 /* ReportingDTO.swift in Sources */ = {isa = PBXBuildFile; fileRef = 524E9B77F58FABD7A662DE07 /* ReportingDTO.swift */; };
		25F7A3F9B77E2D03F773E6B1 /* AIProposalModel.swift in Sources */ = {isa = PBXBuildFile; fileRef = A8E485063B64D3CA0E90E279 /* AIProposalModel.swift */; };
		26658545C3F7F97DCC2DC110 /* InstallmentModel.swift in Sources */ = {isa = PBXBuildFile; fileRef = 61975243C0F4B54528AB4EB5 /* InstallmentModel.swift */; };
		268326D892E97761F947F6D0 /* CreditDTO.swift in Sources */ = {isa = PBXBuildFile; fileRef = 50AE5EE92E61AC85DDE507B3 /* CreditDTO.swift */; };
		282293EA3D1B961E7267D0C4 /* SecurityDTO.swift in Sources */ = {isa = PBXBuildFile; fileRef = 231B8C5B49337369E6329110 /* SecurityDTO.swift */; };
		28C6F7D2B2F73409AF719339 /* Assets.xcassets in Resources */ = {isa = PBXBuildFile; fileRef = D633D5077E7D71031EF35843 /* Assets.xcassets */; };
		290EF44276D0A4983D3D3883 /* InstallmentDTO.swift in Sources */ = {isa = PBXBuildFile; fileRef = B776D98F419D1A0D118D08AC /* InstallmentDTO.swift */; };
		2A6C366F90678183C6E76FEB /* InstallmentRepository.swift in Sources */ = {isa = PBXBuildFile; fileRef = D3F624ADD5C2E121C7F641DD /* InstallmentRepository.swift */; };
		2C2CEBA165280B41950328E6 /* MacOverviewScreen.swift in Sources */ = {isa = PBXBuildFile; fileRef = 30AD3A2039A614D2F2543AE1 /* MacOverviewScreen.swift */; };
		2EAE26195F0E9BA6687B253E /* P11SecurityTests.swift in Sources */ = {isa = PBXBuildFile; fileRef = 5DFD347A403BBE5D74B1F7F0 /* P11SecurityTests.swift */; };
		3010D4B8CF583CCB83B9C0CF /* MasterDataScreens.swift in Sources */ = {isa = PBXBuildFile; fileRef = 40E7C412779E444B2EBDB328 /* MasterDataScreens.swift */; };
		351A8469BB5904E68E5069DF /* OverviewFixtures.swift in Sources */ = {isa = PBXBuildFile; fileRef = 9AB6841587AA8B69AFF3A00A /* OverviewFixtures.swift */; };
		3524B93E10107CBA714E981E /* AIProposalScreens.swift in Sources */ = {isa = PBXBuildFile; fileRef = B71C4B21663391E2601CBC53 /* AIProposalScreens.swift */; };
		38CD903D4D58CFE2A8C209D0 /* MasterDataScreens.swift in Sources */ = {isa = PBXBuildFile; fileRef = 40E7C412779E444B2EBDB328 /* MasterDataScreens.swift */; };
		3A2A0B10963D95C372BD4924 /* SystemStatus.swift in Sources */ = {isa = PBXBuildFile; fileRef = F05017C6B56940B011F6E23E /* SystemStatus.swift */; };
		3DED9C046347B3C9574CD56D /* DeviceSecurityModel.swift in Sources */ = {isa = PBXBuildFile; fileRef = C34B636F2703D084EF6931D7 /* DeviceSecurityModel.swift */; };
		42CF6FAB3A19861566479BE9 /* MoneyFormat.swift in Sources */ = {isa = PBXBuildFile; fileRef = FCB93673B1BC323E17CA866A /* MoneyFormat.swift */; };
		45CD9B1BCF0BB42D87684C7D /* CreditRepository.swift in Sources */ = {isa = PBXBuildFile; fileRef = 6F6D5C08025FA9E847D78B61 /* CreditRepository.swift */; };
		47AB207089C1F68AF4078C10 /* AISettingsDTO.swift in Sources */ = {isa = PBXBuildFile; fileRef = 1A96FD3E04393BDF8D525167 /* AISettingsDTO.swift */; };
		47DD9F8FF2D3DFEECA226CD4 /* AIInputSubmission.swift in Sources */ = {isa = PBXBuildFile; fileRef = 18FCC6EB2E38FE0813B18CB8 /* AIInputSubmission.swift */; };
		4B862841FABAAF8631C459E9 /* CreditScreens.swift in Sources */ = {isa = PBXBuildFile; fileRef = EA464751FCA42DDEA8005314 /* CreditScreens.swift */; };
		4E8E488F5194E9A013CF1ABD /* AIProposalRepository.swift in Sources */ = {isa = PBXBuildFile; fileRef = 4EA7703B5970A868EC31D996 /* AIProposalRepository.swift */; };
		4FEA18DD0F6BFB141B18BE6F /* FiscalShortcuts.swift in Sources */ = {isa = PBXBuildFile; fileRef = 128E44B859F89927A62EEE28 /* FiscalShortcuts.swift */; };
		546512E139DB1A8B3B31F4A9 /* AIProposalModel.swift in Sources */ = {isa = PBXBuildFile; fileRef = A8E485063B64D3CA0E90E279 /* AIProposalModel.swift */; };
		57EA19B5230ACCC35A5BFCD1 /* SettingsScreens.swift in Sources */ = {isa = PBXBuildFile; fileRef = BA34BB566D8135E012268007 /* SettingsScreens.swift */; };
		58D58F47A45AD9947FD3CC62 /* InstallmentDTO.swift in Sources */ = {isa = PBXBuildFile; fileRef = B776D98F419D1A0D118D08AC /* InstallmentDTO.swift */; };
		5BD2F17E4A2A1AD9560ABBF4 /* ReportingScreens.swift in Sources */ = {isa = PBXBuildFile; fileRef = A0B4C67D67A062E6762293EE /* ReportingScreens.swift */; };
		5CB9771C2EDBD24B1664C3C7 /* RecordingPreferences.swift in Sources */ = {isa = PBXBuildFile; fileRef = D523C9CDC1C09EDA86539B22 /* RecordingPreferences.swift */; };
		5F6105347317E351A61F72C1 /* MacTransactionWorkbench.swift in Sources */ = {isa = PBXBuildFile; fileRef = CEFA5476A70C105AA1026F18 /* MacTransactionWorkbench.swift */; };
		6297712DE1515836BCC6E29E /* SystemStatus.swift in Sources */ = {isa = PBXBuildFile; fileRef = F05017C6B56940B011F6E23E /* SystemStatus.swift */; };
		64867B9499765117BF8434D4 /* ReportingRepository.swift in Sources */ = {isa = PBXBuildFile; fileRef = 2565D0CD7EC6A2E0C3659D71 /* ReportingRepository.swift */; };
		682F700DD6FD0ACCC4BC1BCD /* MasterDataDTO.swift in Sources */ = {isa = PBXBuildFile; fileRef = 5CB89B668C9785D2064942E1 /* MasterDataDTO.swift */; };
		69114C706C51C5E175810D51 /* CaptureAuthorizationModel.swift in Sources */ = {isa = PBXBuildFile; fileRef = 5C2C430AD2037E1D3CACC0A4 /* CaptureAuthorizationModel.swift */; };
		6CBFC11C9E0A65E9700E393B /* HTTPResponseCache.swift in Sources */ = {isa = PBXBuildFile; fileRef = A0ED0C883C88E2A203C4CB4B /* HTTPResponseCache.swift */; };
		6CEE9412D66F9E0E5250DA7B /* ReimbursementModel.swift in Sources */ = {isa = PBXBuildFile; fileRef = 2143E2EC10FFF85034FFD8BB /* ReimbursementModel.swift */; };
		70083F44D5488D2A90A18600 /* MasterDataModels.swift in Sources */ = {isa = PBXBuildFile; fileRef = 549791302DE4F9854A26918B /* MasterDataModels.swift */; };
		762C619FE720543408DACD69 /* MacRootView.swift in Sources */ = {isa = PBXBuildFile; fileRef = 255F8031C4F10F48F933A838 /* MacRootView.swift */; };
		78AA1D87BA584A3B070ACAC1 /* ReportingRepository.swift in Sources */ = {isa = PBXBuildFile; fileRef = 2565D0CD7EC6A2E0C3659D71 /* ReportingRepository.swift */; };
		790361283016EDBEF8212D3D /* OCRInputService.swift in Sources */ = {isa = PBXBuildFile; fileRef = 36C53CFB1B3FBC363B77ED08 /* OCRInputService.swift */; };
		79595B893A93FD06DF6B4F4A /* CreditScreens.swift in Sources */ = {isa = PBXBuildFile; fileRef = EA464751FCA42DDEA8005314 /* CreditScreens.swift */; };
		7A3542E65018766E4BA525A2 /* SharedOverviewComponents.swift in Sources */ = {isa = PBXBuildFile; fileRef = 5F8C3E571ECB6E946D838BB2 /* SharedOverviewComponents.swift */; };
		803947D4FBF8B2BEF726E0A7 /* CreditDTO.swift in Sources */ = {isa = PBXBuildFile; fileRef = 50AE5EE92E61AC85DDE507B3 /* CreditDTO.swift */; };
		830689914AD7D22FC9F5749F /* TransactionModels.swift in Sources */ = {isa = PBXBuildFile; fileRef = 0752D3D57AD3B99FE1943E05 /* TransactionModels.swift */; };
		83469C4C09BE7378492F2B31 /* AISettingsRepository.swift in Sources */ = {isa = PBXBuildFile; fileRef = 2F67EBD69105DDF7D3E4FED2 /* AISettingsRepository.swift */; };
		89087700DD68C77C7175FA1C /* InstallmentRepository.swift in Sources */ = {isa = PBXBuildFile; fileRef = D3F624ADD5C2E121C7F641DD /* InstallmentRepository.swift */; };
		8C3520FB72EC576D0544255C /* P9InputTests.swift in Sources */ = {isa = PBXBuildFile; fileRef = E0B37F87A62073E2D426AC5C /* P9InputTests.swift */; };
		8E2A9F3F530D7AEC804E1A0E /* TransactionModels.swift in Sources */ = {isa = PBXBuildFile; fileRef = 0752D3D57AD3B99FE1943E05 /* TransactionModels.swift */; };
		8E8037BF67BFD62CDA4033EA /* FiscalmacOSApp.swift in Sources */ = {isa = PBXBuildFile; fileRef = 2E8B677BF8165F1CF2AA217F /* FiscalmacOSApp.swift */; };
		8F352FC4B0E80F982525AED9 /* ReimbursementDTO.swift in Sources */ = {isa = PBXBuildFile; fileRef = EF39C6F2744F63EE814A73F2 /* ReimbursementDTO.swift */; };
		91C3703989CE12A2FE3FB1A7 /* SnapshotTool.swift in Sources */ = {isa = PBXBuildFile; fileRef = 5A9F4731919A2E01A4446F81 /* SnapshotTool.swift */; };
		9307E589EF04A2D630C49160 /* InstallmentScreens.swift in Sources */ = {isa = PBXBuildFile; fileRef = 7B76007E6901E55864724E2F /* InstallmentScreens.swift */; };
		93C6A4122B8519F18EC43111 /* SecurityDTO.swift in Sources */ = {isa = PBXBuildFile; fileRef = 231B8C5B49337369E6329110 /* SecurityDTO.swift */; };
		93D596E390E747EF3060EEAB /* P10InfrastructureTests.swift in Sources */ = {isa = PBXBuildFile; fileRef = 23BD6A03B99F7398A9E508A6 /* P10InfrastructureTests.swift */; };
		946C85A339DB616A6ECDDC29 /* FiscalKit.framework in Frameworks */ = {isa = PBXBuildFile; fileRef = E2FF91C44F1DCC211426631D /* FiscalKit.framework */; };
		956D11991AADEFD598358E95 /* OverviewFixtures.swift in Sources */ = {isa = PBXBuildFile; fileRef = 9AB6841587AA8B69AFF3A00A /* OverviewFixtures.swift */; };
		981CC9DC6BC9DF96A0EDE71B /* IOSOverviewScreen.swift in Sources */ = {isa = PBXBuildFile; fileRef = 7078C368BF50D6FDB597E7B3 /* IOSOverviewScreen.swift */; };
		9901DB140E7920082CF106B8 /* AIProposalScreens.swift in Sources */ = {isa = PBXBuildFile; fileRef = B71C4B21663391E2601CBC53 /* AIProposalScreens.swift */; };
		9E05E23319E13CE50F8BC00A /* ConnectionModel.swift in Sources */ = {isa = PBXBuildFile; fileRef = E38857D295F340534E49F652 /* ConnectionModel.swift */; };
		A09DF5B3A3841E652FC729CC /* ReportingScreens.swift in Sources */ = {isa = PBXBuildFile; fileRef = A0B4C67D67A062E6762293EE /* ReportingScreens.swift */; };
		A2FC5A547E003382E291D173 /* AISettingsRepository.swift in Sources */ = {isa = PBXBuildFile; fileRef = 2F67EBD69105DDF7D3E4FED2 /* AISettingsRepository.swift */; };
		A306C34BEC185CD5FE479DF0 /* MoneyFormat.swift in Sources */ = {isa = PBXBuildFile; fileRef = FCB93673B1BC323E17CA866A /* MoneyFormat.swift */; };
		A336173A53CFCB17588F8CB0 /* MasterDataModels.swift in Sources */ = {isa = PBXBuildFile; fileRef = 549791302DE4F9854A26918B /* MasterDataModels.swift */; };
		A3382FD8082374C7FBF38CD1 /* ReportingModel.swift in Sources */ = {isa = PBXBuildFile; fileRef = 83EEBE7F74FA862A373C393A /* ReportingModel.swift */; };
		A93A8DAFC29E991E35413859 /* TransactionRepository.swift in Sources */ = {isa = PBXBuildFile; fileRef = 5A0067D7F4A0681CA61009D6 /* TransactionRepository.swift */; };
		A980958002502D76EE6189C6 /* DeviceSecurityRepository.swift in Sources */ = {isa = PBXBuildFile; fileRef = 971383DF03B4FB6974955E6F /* DeviceSecurityRepository.swift */; };
		AEB258C3DF48989FDDC59B2B /* OverviewSnapshot.swift in Sources */ = {isa = PBXBuildFile; fileRef = 185A49CF04897A7803A09434 /* OverviewSnapshot.swift */; };
		AECF878CB105D0F014FCCB2C /* ReportingDTO.swift in Sources */ = {isa = PBXBuildFile; fileRef = 524E9B77F58FABD7A662DE07 /* ReportingDTO.swift */; };
		B456FF5781B7A73DE7AEFF19 /* FiscalKitTests.swift in Sources */ = {isa = PBXBuildFile; fileRef = 804F88664C4025B50AD0FC75 /* FiscalKitTests.swift */; };
		B4F38F2E63F4D88D9C40F60D /* FiscalDesign.swift in Sources */ = {isa = PBXBuildFile; fileRef = C1164C772E643D0CF6996CB1 /* FiscalDesign.swift */; };
		B6D9AA5E9C3D3D572F7F3FDE /* MasterDataDTO.swift in Sources */ = {isa = PBXBuildFile; fileRef = 5CB89B668C9785D2064942E1 /* MasterDataDTO.swift */; };
		B6DE74EF3CF5E14A638D02F9 /* PlaceholderScreen.swift in Sources */ = {isa = PBXBuildFile; fileRef = D4B37D7D7A1AACF4ABC9F561 /* PlaceholderScreen.swift */; };
		B7F5464BC01EB757FA330392 /* AISettingsDTO.swift in Sources */ = {isa = PBXBuildFile; fileRef = 1A96FD3E04393BDF8D525167 /* AISettingsDTO.swift */; };
		BA71137FB7961C822DA900E9 /* OCRInputService.swift in Sources */ = {isa = PBXBuildFile; fileRef = 36C53CFB1B3FBC363B77ED08 /* OCRInputService.swift */; };
		BAD009742B2AE146F55E918A /* IOSOverviewScreen.swift in Sources */ = {isa = PBXBuildFile; fileRef = 7078C368BF50D6FDB597E7B3 /* IOSOverviewScreen.swift */; };
		BDBC32BC1071C2E175D1E539 /* KeychainTokenStore.swift in Sources */ = {isa = PBXBuildFile; fileRef = 500D93BA4A15042D04A34190 /* KeychainTokenStore.swift */; };
		BE17976A44A851276CF80AFD /* APIConfiguration.swift in Sources */ = {isa = PBXBuildFile; fileRef = 05A497A70BFC7C3E143FE00A /* APIConfiguration.swift */; };
		BF28273EB1C825AED3B34E8B /* FiscalKit.framework in Embed Frameworks */ = {isa = PBXBuildFile; fileRef = E2FF91C44F1DCC211426631D /* FiscalKit.framework */; settings = {ATTRIBUTES = (CodeSignOnCopy, RemoveHeadersOnCopy, ); }; };
		C2FF5131387EF586283B5E4A /* FiscalNotifications.swift in Sources */ = {isa = PBXBuildFile; fileRef = A34095B1DD7CB23F5F409164 /* FiscalNotifications.swift */; };
		C3465B84C2BAFC3BF304C6CB /* CaptureAuthorizationModel.swift in Sources */ = {isa = PBXBuildFile; fileRef = 5C2C430AD2037E1D3CACC0A4 /* CaptureAuthorizationModel.swift */; };
		C42A579D33B3CC37A069CB3F /* APITransport.swift in Sources */ = {isa = PBXBuildFile; fileRef = 0FC300DFA7D718CB81ABD669 /* APITransport.swift */; };
		C448FE553D4EDD301055D712 /* FiscaliOSApp.swift in Sources */ = {isa = PBXBuildFile; fileRef = 29540C1D2948FC97337C271B /* FiscaliOSApp.swift */; };
		C4655CE222EEC290F5C23B54 /* DeviceSecurityRepository.swift in Sources */ = {isa = PBXBuildFile; fileRef = 971383DF03B4FB6974955E6F /* DeviceSecurityRepository.swift */; };
		C700E2C6D2B666953C652129 /* SettingsScreens.swift in Sources */ = {isa = PBXBuildFile; fileRef = BA34BB566D8135E012268007 /* SettingsScreens.swift */; };
		C9F0CD5E3ED47A855E847C3E /* CreditModel.swift in Sources */ = {isa = PBXBuildFile; fileRef = 5407B68FAE8AFB476A8A2C45 /* CreditModel.swift */; };
		CAB14618787EAB485A7F0920 /* FiscalUITests.swift in Sources */ = {isa = PBXBuildFile; fileRef = 59C18CEE768684AD8529AC01 /* FiscalUITests.swift */; };
		CB689EF9A13E2E14EC31044B /* ReportingModel.swift in Sources */ = {isa = PBXBuildFile; fileRef = 83EEBE7F74FA862A373C393A /* ReportingModel.swift */; };
		CB7FEFEFF177F9D2BC620ABC /* AIInputSubmission.swift in Sources */ = {isa = PBXBuildFile; fileRef = 18FCC6EB2E38FE0813B18CB8 /* AIInputSubmission.swift */; };
		CE4D4DDA94380519D6AA4DD2 /* APIConfiguration.swift in Sources */ = {isa = PBXBuildFile; fileRef = 05A497A70BFC7C3E143FE00A /* APIConfiguration.swift */; };
		CECB7E26EC40C8BAAE042E28 /* ReimbursementScreens.swift in Sources */ = {isa = PBXBuildFile; fileRef = B6DF31AF77C0838D251DDC32 /* ReimbursementScreens.swift */; };
		CF97D0DCF3FDF7229D0BEE04 /* ReimbursementRepository.swift in Sources */ = {isa = PBXBuildFile; fileRef = 9A3AB4BE7E4F9C491EEA3497 /* ReimbursementRepository.swift */; };
		D049B3275D9D8CF1DF91BC4B /* ConnectionModel.swift in Sources */ = {isa = PBXBuildFile; fileRef = E38857D295F340534E49F652 /* ConnectionModel.swift */; };
		D64D2A140FEB4DC93DFBD670 /* AIProposalRepository.swift in Sources */ = {isa = PBXBuildFile; fileRef = 4EA7703B5970A868EC31D996 /* AIProposalRepository.swift */; };
		D7D2D318157502A371C00E48 /* P10MacWorkbenchTests.swift in Sources */ = {isa = PBXBuildFile; fileRef = 1E62F028D5C7F476391834BF /* P10MacWorkbenchTests.swift */; };
		DB18067C21BFC9CB378604D9 /* AIProposalDTO.swift in Sources */ = {isa = PBXBuildFile; fileRef = 6A14CCE721BB151FDA4981B9 /* AIProposalDTO.swift */; };
		DC3A6F94ECC3CCBE95DA33BB /* AIProposalDTO.swift in Sources */ = {isa = PBXBuildFile; fileRef = 6A14CCE721BB151FDA4981B9 /* AIProposalDTO.swift */; };
		DD074CA639D50F253BC74684 /* MasterDataRepositories.swift in Sources */ = {isa = PBXBuildFile; fileRef = 6A8B134AC6D0F6AF80ECDA80 /* MasterDataRepositories.swift */; };
		DE3269DC41F6C6035D92F953 /* TransactionScreens.swift in Sources */ = {isa = PBXBuildFile; fileRef = 9654628B5C1FF4264957DEA3 /* TransactionScreens.swift */; };
		DF89480104FF18E9975CA435 /* MasterDataRepositories.swift in Sources */ = {isa = PBXBuildFile; fileRef = 6A8B134AC6D0F6AF80ECDA80 /* MasterDataRepositories.swift */; };
		E0691180982BF60F9F6547EA /* FiscalKit.framework in Embed Frameworks */ = {isa = PBXBuildFile; fileRef = E5E548FB37878DDEA0D9A06B /* FiscalKit.framework */; settings = {ATTRIBUTES = (CodeSignOnCopy, RemoveHeadersOnCopy, ); }; };
		E1F6BFF656B87F2DAA1C21E5 /* TransactionDTO.swift in Sources */ = {isa = PBXBuildFile; fileRef = 14D2F5B51728A050A74E8E3F /* TransactionDTO.swift */; };
		E2223435EA826D54E8929B16 /* AISettingsModel.swift in Sources */ = {isa = PBXBuildFile; fileRef = 075ACF23C85C06B791846066 /* AISettingsModel.swift */; };
		E3046B16C01C9457A052EF11 /* IOSRootView.swift in Sources */ = {isa = PBXBuildFile; fileRef = AC2144E087E40C5B7FEF232A /* IOSRootView.swift */; };
		E5EA9FB15375AD6F67A32EC4 /* ReimbursementDTO.swift in Sources */ = {isa = PBXBuildFile; fileRef = EF39C6F2744F63EE814A73F2 /* ReimbursementDTO.swift */; };
		E67C6BEF0FFD61DE50A2E3B8 /* CreditModel.swift in Sources */ = {isa = PBXBuildFile; fileRef = 5407B68FAE8AFB476A8A2C45 /* CreditModel.swift */; };
		E6996334DD1C8B508DDAE946 /* ReimbursementScreens.swift in Sources */ = {isa = PBXBuildFile; fileRef = B6DF31AF77C0838D251DDC32 /* ReimbursementScreens.swift */; };
		E7AFE36F01F57CCED68F06B4 /* FiscalKit.framework in Frameworks */ = {isa = PBXBuildFile; fileRef = E5E548FB37878DDEA0D9A06B /* FiscalKit.framework */; };
		EB941A8C4F43A67DDF71A0D0 /* InstallmentModel.swift in Sources */ = {isa = PBXBuildFile; fileRef = 61975243C0F4B54528AB4EB5 /* InstallmentModel.swift */; };
		EC7C9011E02301DF54E04B1D /* TransactionRepository.swift in Sources */ = {isa = PBXBuildFile; fileRef = 5A0067D7F4A0681CA61009D6 /* TransactionRepository.swift */; };
		F18F1E77D5C1D3AA9202F2E8 /* HTTPResponseCache.swift in Sources */ = {isa = PBXBuildFile; fileRef = A0ED0C883C88E2A203C4CB4B /* HTTPResponseCache.swift */; };
		F1A543480EE639BDA7DA8B0F /* RecordingPreferences.swift in Sources */ = {isa = PBXBuildFile; fileRef = D523C9CDC1C09EDA86539B22 /* RecordingPreferences.swift */; };
		F75284CCBBC1D7F4D2CED316 /* SharedOverviewComponents.swift in Sources */ = {isa = PBXBuildFile; fileRef = 5F8C3E571ECB6E946D838BB2 /* SharedOverviewComponents.swift */; };
		F75E5694540328D93F6A9CBE /* PlaceholderScreen.swift in Sources */ = {isa = PBXBuildFile; fileRef = D4B37D7D7A1AACF4ABC9F561 /* PlaceholderScreen.swift */; };
		FF78DA87D1AF9E9E552C13D2 /* FiscalKit.framework in Embed Frameworks */ = {isa = PBXBuildFile; fileRef = E5E548FB37878DDEA0D9A06B /* FiscalKit.framework */; settings = {ATTRIBUTES = (CodeSignOnCopy, RemoveHeadersOnCopy, ); }; };
/* End PBXBuildFile section */

/* Begin PBXContainerItemProxy section */
		1A7E0860F5A05C40CBCAC705 /* PBXContainerItemProxy */ = {
			isa = PBXContainerItemProxy;
			containerPortal = DADC49572FB901351DC0BBED /* Project object */;
			proxyType = 1;
			remoteGlobalIDString = B72B8EC053FAD83C228BFEA5;
			remoteInfo = FiscalKit_iOS;
		};
		66E8C27366C78B91BDAE7B69 /* PBXContainerItemProxy */ = {
			isa = PBXContainerItemProxy;
			containerPortal = DADC49572FB901351DC0BBED /* Project object */;
			proxyType = 1;
			remoteGlobalIDString = 45F13C514158836F5997B64A;
			remoteInfo = FiscaliOS;
		};
		76644735BD468C16311DEB9B /* PBXContainerItemProxy */ = {
			isa = PBXContainerItemProxy;
			containerPortal = DADC49572FB901351DC0BBED /* Project object */;
			proxyType = 1;
			remoteGlobalIDString = EFD2231970AF74FED6F35D80;
			remoteInfo = FiscalKit_macOS;
		};
		B2BF1A7AD7FFC5F4FD71C200 /* PBXContainerItemProxy */ = {
			isa = PBXContainerItemProxy;
			containerPortal = DADC49572FB901351DC0BBED /* Project object */;
			proxyType = 1;
			remoteGlobalIDString = EFD2231970AF74FED6F35D80;
			remoteInfo = FiscalKit_macOS;
		};
		D0715A5F168D936695DEAC3A /* PBXContainerItemProxy */ = {
			isa = PBXContainerItemProxy;
			containerPortal = DADC49572FB901351DC0BBED /* Project object */;
			proxyType = 1;
			remoteGlobalIDString = EFD2231970AF74FED6F35D80;
			remoteInfo = FiscalKit_macOS;
		};
/* End PBXContainerItemProxy section */

/* Begin PBXCopyFilesBuildPhase section */
		92079675CD5CB8AD3C824F1A /* Embed Frameworks */ = {
			isa = PBXCopyFilesBuildPhase;
			buildActionMask = 2147483647;
			dstPath = "";
			dstSubfolderSpec = 10;
			files = (
				BF28273EB1C825AED3B34E8B /* FiscalKit.framework in Embed Frameworks */,
			);
			name = "Embed Frameworks";
			runOnlyForDeploymentPostprocessing = 0;
		};
		A5E5D7A291086571FB534A01 /* Embed Frameworks */ = {
			isa = PBXCopyFilesBuildPhase;
			buildActionMask = 2147483647;
			dstPath = "";
			dstSubfolderSpec = 10;
			files = (
				E0691180982BF60F9F6547EA /* FiscalKit.framework in Embed Frameworks */,
			);
			name = "Embed Frameworks";
			runOnlyForDeploymentPostprocessing = 0;
		};
		C4985D202321DB1034149B26 /* Embed Frameworks */ = {
			isa = PBXCopyFilesBuildPhase;
			buildActionMask = 2147483647;
			dstPath = "";
			dstSubfolderSpec = 10;
			files = (
				FF78DA87D1AF9E9E552C13D2 /* FiscalKit.framework in Embed Frameworks */,
			);
			name = "Embed Frameworks";
			runOnlyForDeploymentPostprocessing = 0;
		};
/* End PBXCopyFilesBuildPhase section */

/* Begin PBXFileReference section */
		05A497A70BFC7C3E143FE00A /* APIConfiguration.swift */ = {isa = PBXFileReference; lastKnownFileType = sourcecode.swift; path = APIConfiguration.swift; sourceTree = "<group>"; };
		0752D3D57AD3B99FE1943E05 /* TransactionModels.swift */ = {isa = PBXFileReference; lastKnownFileType = sourcecode.swift; path = TransactionModels.swift; sourceTree = "<group>"; };
		075ACF23C85C06B791846066 /* AISettingsModel.swift */ = {isa = PBXFileReference; lastKnownFileType = sourcecode.swift; path = AISettingsModel.swift; sourceTree = "<group>"; };
		0C171D635157C9F0E510E27F /* FiscalSnapshotTool */ = {isa = PBXFileReference; includeInIndex = 0; path = FiscalSnapshotTool; sourceTree = BUILT_PRODUCTS_DIR; };
		0FC300DFA7D718CB81ABD669 /* APITransport.swift */ = {isa = PBXFileReference; lastKnownFileType = sourcecode.swift; path = APITransport.swift; sourceTree = "<group>"; };
		128E44B859F89927A62EEE28 /* FiscalShortcuts.swift */ = {isa = PBXFileReference; lastKnownFileType = sourcecode.swift; path = FiscalShortcuts.swift; sourceTree = "<group>"; };
		14D2F5B51728A050A74E8E3F /* TransactionDTO.swift */ = {isa = PBXFileReference; lastKnownFileType = sourcecode.swift; path = TransactionDTO.swift; sourceTree = "<group>"; };
		185A49CF04897A7803A09434 /* OverviewSnapshot.swift */ = {isa = PBXFileReference; lastKnownFileType = sourcecode.swift; path = OverviewSnapshot.swift; sourceTree = "<group>"; };
		18FCC6EB2E38FE0813B18CB8 /* AIInputSubmission.swift */ = {isa = PBXFileReference; lastKnownFileType = sourcecode.swift; path = AIInputSubmission.swift; sourceTree = "<group>"; };
		1A96FD3E04393BDF8D525167 /* AISettingsDTO.swift */ = {isa = PBXFileReference; lastKnownFileType = sourcecode.swift; path = AISettingsDTO.swift; sourceTree = "<group>"; };
		1E62F028D5C7F476391834BF /* P10MacWorkbenchTests.swift */ = {isa = PBXFileReference; lastKnownFileType = sourcecode.swift; path = P10MacWorkbenchTests.swift; sourceTree = "<group>"; };
		2143E2EC10FFF85034FFD8BB /* ReimbursementModel.swift */ = {isa = PBXFileReference; lastKnownFileType = sourcecode.swift; path = ReimbursementModel.swift; sourceTree = "<group>"; };
		22D6DBE46DB3991049438550 /* FiscaliOS.app */ = {isa = PBXFileReference; includeInIndex = 0; lastKnownFileType = wrapper.application; path = FiscaliOS.app; sourceTree = BUILT_PRODUCTS_DIR; };
		231B8C5B49337369E6329110 /* SecurityDTO.swift */ = {isa = PBXFileReference; lastKnownFileType = sourcecode.swift; path = SecurityDTO.swift; sourceTree = "<group>"; };
		23BD6A03B99F7398A9E508A6 /* P10InfrastructureTests.swift */ = {isa = PBXFileReference; lastKnownFileType = sourcecode.swift; path = P10InfrastructureTests.swift; sourceTree = "<group>"; };
		255F8031C4F10F48F933A838 /* MacRootView.swift */ = {isa = PBXFileReference; lastKnownFileType = sourcecode.swift; path = MacRootView.swift; sourceTree = "<group>"; };
		2565D0CD7EC6A2E0C3659D71 /* ReportingRepository.swift */ = {isa = PBXFileReference; lastKnownFileType = sourcecode.swift; path = ReportingRepository.swift; sourceTree = "<group>"; };
		29540C1D2948FC97337C271B /* FiscaliOSApp.swift */ = {isa = PBXFileReference; lastKnownFileType = sourcecode.swift; path = FiscaliOSApp.swift; sourceTree = "<group>"; };
		2E8B677BF8165F1CF2AA217F /* FiscalmacOSApp.swift */ = {isa = PBXFileReference; lastKnownFileType = sourcecode.swift; path = FiscalmacOSApp.swift; sourceTree = "<group>"; };
		2E901AA4B81BD9921A100F0C /* FiscalUITests.xctest */ = {isa = PBXFileReference; includeInIndex = 0; lastKnownFileType = wrapper.cfbundle; path = FiscalUITests.xctest; sourceTree = BUILT_PRODUCTS_DIR; };
		2F67EBD69105DDF7D3E4FED2 /* AISettingsRepository.swift */ = {isa = PBXFileReference; lastKnownFileType = sourcecode.swift; path = AISettingsRepository.swift; sourceTree = "<group>"; };
		30AD3A2039A614D2F2543AE1 /* MacOverviewScreen.swift */ = {isa = PBXFileReference; lastKnownFileType = sourcecode.swift; path = MacOverviewScreen.swift; sourceTree = "<group>"; };
		36C53CFB1B3FBC363B77ED08 /* OCRInputService.swift */ = {isa = PBXFileReference; lastKnownFileType = sourcecode.swift; path = OCRInputService.swift; sourceTree = "<group>"; };
		40E7C412779E444B2EBDB328 /* MasterDataScreens.swift */ = {isa = PBXFileReference; lastKnownFileType = sourcecode.swift; path = MasterDataScreens.swift; sourceTree = "<group>"; };
		4EA7703B5970A868EC31D996 /* AIProposalRepository.swift */ = {isa = PBXFileReference; lastKnownFileType = sourcecode.swift; path = AIProposalRepository.swift; sourceTree = "<group>"; };
		500D93BA4A15042D04A34190 /* KeychainTokenStore.swift */ = {isa = PBXFileReference; lastKnownFileType = sourcecode.swift; path = KeychainTokenStore.swift; sourceTree = "<group>"; };
		50AE5EE92E61AC85DDE507B3 /* CreditDTO.swift */ = {isa = PBXFileReference; lastKnownFileType = sourcecode.swift; path = CreditDTO.swift; sourceTree = "<group>"; };
		524E9B77F58FABD7A662DE07 /* ReportingDTO.swift */ = {isa = PBXFileReference; lastKnownFileType = sourcecode.swift; path = ReportingDTO.swift; sourceTree = "<group>"; };
		5407B68FAE8AFB476A8A2C45 /* CreditModel.swift */ = {isa = PBXFileReference; lastKnownFileType = sourcecode.swift; path = CreditModel.swift; sourceTree = "<group>"; };
		549791302DE4F9854A26918B /* MasterDataModels.swift */ = {isa = PBXFileReference; lastKnownFileType = sourcecode.swift; path = MasterDataModels.swift; sourceTree = "<group>"; };
		59C18CEE768684AD8529AC01 /* FiscalUITests.swift */ = {isa = PBXFileReference; lastKnownFileType = sourcecode.swift; path = FiscalUITests.swift; sourceTree = "<group>"; };
		5A0067D7F4A0681CA61009D6 /* TransactionRepository.swift */ = {isa = PBXFileReference; lastKnownFileType = sourcecode.swift; path = TransactionRepository.swift; sourceTree = "<group>"; };
		5A9F4731919A2E01A4446F81 /* SnapshotTool.swift */ = {isa = PBXFileReference; lastKnownFileType = sourcecode.swift; path = SnapshotTool.swift; sourceTree = "<group>"; };
		5C2C430AD2037E1D3CACC0A4 /* CaptureAuthorizationModel.swift */ = {isa = PBXFileReference; lastKnownFileType = sourcecode.swift; path = CaptureAuthorizationModel.swift; sourceTree = "<group>"; };
		5CB89B668C9785D2064942E1 /* MasterDataDTO.swift */ = {isa = PBXFileReference; lastKnownFileType = sourcecode.swift; path = MasterDataDTO.swift; sourceTree = "<group>"; };
		5DFD347A403BBE5D74B1F7F0 /* P11SecurityTests.swift */ = {isa = PBXFileReference; lastKnownFileType = sourcecode.swift; path = P11SecurityTests.swift; sourceTree = "<group>"; };
		5F8C3E571ECB6E946D838BB2 /* SharedOverviewComponents.swift */ = {isa = PBXFileReference; lastKnownFileType = sourcecode.swift; path = SharedOverviewComponents.swift; sourceTree = "<group>"; };
		61975243C0F4B54528AB4EB5 /* InstallmentModel.swift */ = {isa = PBXFileReference; lastKnownFileType = sourcecode.swift; path = InstallmentModel.swift; sourceTree = "<group>"; };
		6A14CCE721BB151FDA4981B9 /* AIProposalDTO.swift */ = {isa = PBXFileReference; lastKnownFileType = sourcecode.swift; path = AIProposalDTO.swift; sourceTree = "<group>"; };
		6A8B134AC6D0F6AF80ECDA80 /* MasterDataRepositories.swift */ = {isa = PBXFileReference; lastKnownFileType = sourcecode.swift; path = MasterDataRepositories.swift; sourceTree = "<group>"; };
		6F6D5C08025FA9E847D78B61 /* CreditRepository.swift */ = {isa = PBXFileReference; lastKnownFileType = sourcecode.swift; path = CreditRepository.swift; sourceTree = "<group>"; };
		7078C368BF50D6FDB597E7B3 /* IOSOverviewScreen.swift */ = {isa = PBXFileReference; lastKnownFileType = sourcecode.swift; path = IOSOverviewScreen.swift; sourceTree = "<group>"; };
		7B76007E6901E55864724E2F /* InstallmentScreens.swift */ = {isa = PBXFileReference; lastKnownFileType = sourcecode.swift; path = InstallmentScreens.swift; sourceTree = "<group>"; };
		804F88664C4025B50AD0FC75 /* FiscalKitTests.swift */ = {isa = PBXFileReference; lastKnownFileType = sourcecode.swift; path = FiscalKitTests.swift; sourceTree = "<group>"; };
		83EEBE7F74FA862A373C393A /* ReportingModel.swift */ = {isa = PBXFileReference; lastKnownFileType = sourcecode.swift; path = ReportingModel.swift; sourceTree = "<group>"; };
		9654628B5C1FF4264957DEA3 /* TransactionScreens.swift */ = {isa = PBXFileReference; lastKnownFileType = sourcecode.swift; path = TransactionScreens.swift; sourceTree = "<group>"; };
		971383DF03B4FB6974955E6F /* DeviceSecurityRepository.swift */ = {isa = PBXFileReference; lastKnownFileType = sourcecode.swift; path = DeviceSecurityRepository.swift; sourceTree = "<group>"; };
		9A3AB4BE7E4F9C491EEA3497 /* ReimbursementRepository.swift */ = {isa = PBXFileReference; lastKnownFileType = sourcecode.swift; path = ReimbursementRepository.swift; sourceTree = "<group>"; };
		9AB6841587AA8B69AFF3A00A /* OverviewFixtures.swift */ = {isa = PBXFileReference; lastKnownFileType = sourcecode.swift; path = OverviewFixtures.swift; sourceTree = "<group>"; };
		9E82929FAEB7D2FF30F8FEE4 /* Assets.xcassets */ = {isa = PBXFileReference; lastKnownFileType = folder.assetcatalog; path = Assets.xcassets; sourceTree = "<group>"; };
		A0B4C67D67A062E6762293EE /* ReportingScreens.swift */ = {isa = PBXFileReference; lastKnownFileType = sourcecode.swift; path = ReportingScreens.swift; sourceTree = "<group>"; };
		A0ED0C883C88E2A203C4CB4B /* HTTPResponseCache.swift */ = {isa = PBXFileReference; lastKnownFileType = sourcecode.swift; path = HTTPResponseCache.swift; sourceTree = "<group>"; };
		A34095B1DD7CB23F5F409164 /* FiscalNotifications.swift */ = {isa = PBXFileReference; lastKnownFileType = sourcecode.swift; path = FiscalNotifications.swift; sourceTree = "<group>"; };
		A48D8B5171D3A1FF7724A9BA /* FiscalmacOS.app */ = {isa = PBXFileReference; explicitFileType = wrapper.application; includeInIndex = 0; path = FiscalmacOS.app; sourceTree = BUILT_PRODUCTS_DIR; };
		A501B4150DAFA4ABFE586271 /* Info.plist */ = {isa = PBXFileReference; lastKnownFileType = text.plist; path = Info.plist; sourceTree = "<group>"; };
		A8E485063B64D3CA0E90E279 /* AIProposalModel.swift */ = {isa = PBXFileReference; lastKnownFileType = sourcecode.swift; path = AIProposalModel.swift; sourceTree = "<group>"; };
		AC2144E087E40C5B7FEF232A /* IOSRootView.swift */ = {isa = PBXFileReference; lastKnownFileType = sourcecode.swift; path = IOSRootView.swift; sourceTree = "<group>"; };
		B6DF31AF77C0838D251DDC32 /* ReimbursementScreens.swift */ = {isa = PBXFileReference; lastKnownFileType = sourcecode.swift; path = ReimbursementScreens.swift; sourceTree = "<group>"; };
		B71C4B21663391E2601CBC53 /* AIProposalScreens.swift */ = {isa = PBXFileReference; lastKnownFileType = sourcecode.swift; path = AIProposalScreens.swift; sourceTree = "<group>"; };
		B776D98F419D1A0D118D08AC /* InstallmentDTO.swift */ = {isa = PBXFileReference; lastKnownFileType = sourcecode.swift; path = InstallmentDTO.swift; sourceTree = "<group>"; };
		BA34BB566D8135E012268007 /* SettingsScreens.swift */ = {isa = PBXFileReference; lastKnownFileType = sourcecode.swift; path = SettingsScreens.swift; sourceTree = "<group>"; };
		C1164C772E643D0CF6996CB1 /* FiscalDesign.swift */ = {isa = PBXFileReference; lastKnownFileType = sourcecode.swift; path = FiscalDesign.swift; sourceTree = "<group>"; };
		C34B636F2703D084EF6931D7 /* DeviceSecurityModel.swift */ = {isa = PBXFileReference; lastKnownFileType = sourcecode.swift; path = DeviceSecurityModel.swift; sourceTree = "<group>"; };
		CEFA5476A70C105AA1026F18 /* MacTransactionWorkbench.swift */ = {isa = PBXFileReference; lastKnownFileType = sourcecode.swift; path = MacTransactionWorkbench.swift; sourceTree = "<group>"; };
		D3F624ADD5C2E121C7F641DD /* InstallmentRepository.swift */ = {isa = PBXFileReference; lastKnownFileType = sourcecode.swift; path = InstallmentRepository.swift; sourceTree = "<group>"; };
		D4B37D7D7A1AACF4ABC9F561 /* PlaceholderScreen.swift */ = {isa = PBXFileReference; lastKnownFileType = sourcecode.swift; path = PlaceholderScreen.swift; sourceTree = "<group>"; };
		D523C9CDC1C09EDA86539B22 /* RecordingPreferences.swift */ = {isa = PBXFileReference; lastKnownFileType = sourcecode.swift; path = RecordingPreferences.swift; sourceTree = "<group>"; };
		D633D5077E7D71031EF35843 /* Assets.xcassets */ = {isa = PBXFileReference; lastKnownFileType = folder.assetcatalog; path = Assets.xcassets; sourceTree = "<group>"; };
		E0B37F87A62073E2D426AC5C /* P9InputTests.swift */ = {isa = PBXFileReference; lastKnownFileType = sourcecode.swift; path = P9InputTests.swift; sourceTree = "<group>"; };
		E0D63863F934E27294B1542B /* FiscalKitTests.xctest */ = {isa = PBXFileReference; explicitFileType = wrapper.cfbundle; includeInIndex = 0; path = FiscalKitTests.xctest; sourceTree = BUILT_PRODUCTS_DIR; };
		E2FF91C44F1DCC211426631D /* FiscalKit.framework */ = {isa = PBXFileReference; explicitFileType = wrapper.framework; includeInIndex = 0; path = FiscalKit.framework; sourceTree = BUILT_PRODUCTS_DIR; };
		E38857D295F340534E49F652 /* ConnectionModel.swift */ = {isa = PBXFileReference; lastKnownFileType = sourcecode.swift; path = ConnectionModel.swift; sourceTree = "<group>"; };
		E5E548FB37878DDEA0D9A06B /* FiscalKit.framework */ = {isa = PBXFileReference; explicitFileType = wrapper.framework; includeInIndex = 0; path = FiscalKit.framework; sourceTree = BUILT_PRODUCTS_DIR; };
		EA464751FCA42DDEA8005314 /* CreditScreens.swift */ = {isa = PBXFileReference; lastKnownFileType = sourcecode.swift; path = CreditScreens.swift; sourceTree = "<group>"; };
		EF39C6F2744F63EE814A73F2 /* ReimbursementDTO.swift */ = {isa = PBXFileReference; lastKnownFileType = sourcecode.swift; path = ReimbursementDTO.swift; sourceTree = "<group>"; };
		F05017C6B56940B011F6E23E /* SystemStatus.swift */ = {isa = PBXFileReference; lastKnownFileType = sourcecode.swift; path = SystemStatus.swift; sourceTree = "<group>"; };
		F41296659AE4F2333D274669 /* Info.plist */ = {isa = PBXFileReference; lastKnownFileType = text.plist; path = Info.plist; sourceTree = "<group>"; };
		FCB93673B1BC323E17CA866A /* MoneyFormat.swift */ = {isa = PBXFileReference; lastKnownFileType = sourcecode.swift; path = MoneyFormat.swift; sourceTree = "<group>"; };
/* End PBXFileReference section */

/* Begin PBXFrameworksBuildPhase section */
		57A35816400A099105639F70 /* Frameworks */ = {
			isa = PBXFrameworksBuildPhase;
			buildActionMask = 2147483647;
			files = (
				0F4039AAAB4DF5A9E1453CF4 /* FiscalKit.framework in Frameworks */,
			);
			runOnlyForDeploymentPostprocessing = 0;
		};
		69957A6D62DD07061A9F33EF /* Frameworks */ = {
			isa = PBXFrameworksBuildPhase;
			buildActionMask = 2147483647;
			files = (
				946C85A339DB616A6ECDDC29 /* FiscalKit.framework in Frameworks */,
			);
			runOnlyForDeploymentPostprocessing = 0;
		};
		A54E17FAA07370E49DD17FA0 /* Frameworks */ = {
			isa = PBXFrameworksBuildPhase;
			buildActionMask = 2147483647;
			files = (
				E7AFE36F01F57CCED68F06B4 /* FiscalKit.framework in Frameworks */,
			);
			runOnlyForDeploymentPostprocessing = 0;
		};
		B5B6BF6E602E7A77BD6561A9 /* Frameworks */ = {
			isa = PBXFrameworksBuildPhase;
			buildActionMask = 2147483647;
			files = (
				1AA79C712F4EE4661527C1B0 /* FiscalKit.framework in Frameworks */,
			);
			runOnlyForDeploymentPostprocessing = 0;
		};
/* End PBXFrameworksBuildPhase section */

/* Begin PBXGroup section */
		1864FBD94BF1F5733EFEF4F1 /* API */ = {
			isa = PBXGroup;
			children = (
				05A497A70BFC7C3E143FE00A /* APIConfiguration.swift */,
				0FC300DFA7D718CB81ABD669 /* APITransport.swift */,
				A0ED0C883C88E2A203C4CB4B /* HTTPResponseCache.swift */,
				F05017C6B56940B011F6E23E /* SystemStatus.swift */,
			);
			path = API;
			sourceTree = "<group>";
		};
		286CDCC43FF0C2D12F56091A /* Products */ = {
			isa = PBXGroup;
			children = (
				22D6DBE46DB3991049438550 /* FiscaliOS.app */,
				E2FF91C44F1DCC211426631D /* FiscalKit.framework */,
				E5E548FB37878DDEA0D9A06B /* FiscalKit.framework */,
				E0D63863F934E27294B1542B /* FiscalKitTests.xctest */,
				A48D8B5171D3A1FF7724A9BA /* FiscalmacOS.app */,
				0C171D635157C9F0E510E27F /* FiscalSnapshotTool */,
				2E901AA4B81BD9921A100F0C /* FiscalUITests.xctest */,
			);
			name = Products;
			sourceTree = "<group>";
		};
		4610971F7E42E6C9632D3CE8 /* Features */ = {
			isa = PBXGroup;
			children = (
				18FCC6EB2E38FE0813B18CB8 /* AIInputSubmission.swift */,
				A8E485063B64D3CA0E90E279 /* AIProposalModel.swift */,
				B71C4B21663391E2601CBC53 /* AIProposalScreens.swift */,
				075ACF23C85C06B791846066 /* AISettingsModel.swift */,
				5C2C430AD2037E1D3CACC0A4 /* CaptureAuthorizationModel.swift */,
				E38857D295F340534E49F652 /* ConnectionModel.swift */,
				5407B68FAE8AFB476A8A2C45 /* CreditModel.swift */,
				EA464751FCA42DDEA8005314 /* CreditScreens.swift */,
				C34B636F2703D084EF6931D7 /* DeviceSecurityModel.swift */,
				61975243C0F4B54528AB4EB5 /* InstallmentModel.swift */,
				7B76007E6901E55864724E2F /* InstallmentScreens.swift */,
				7078C368BF50D6FDB597E7B3 /* IOSOverviewScreen.swift */,
				30AD3A2039A614D2F2543AE1 /* MacOverviewScreen.swift */,
				CEFA5476A70C105AA1026F18 /* MacTransactionWorkbench.swift */,
				549791302DE4F9854A26918B /* MasterDataModels.swift */,
				40E7C412779E444B2EBDB328 /* MasterDataScreens.swift */,
				36C53CFB1B3FBC363B77ED08 /* OCRInputService.swift */,
				D4B37D7D7A1AACF4ABC9F561 /* PlaceholderScreen.swift */,
				D523C9CDC1C09EDA86539B22 /* RecordingPreferences.swift */,
				2143E2EC10FFF85034FFD8BB /* ReimbursementModel.swift */,
				B6DF31AF77C0838D251DDC32 /* ReimbursementScreens.swift */,
				83EEBE7F74FA862A373C393A /* ReportingModel.swift */,
				A0B4C67D67A062E6762293EE /* ReportingScreens.swift */,
				BA34BB566D8135E012268007 /* SettingsScreens.swift */,
				5F8C3E571ECB6E946D838BB2 /* SharedOverviewComponents.swift */,
				0752D3D57AD3B99FE1943E05 /* TransactionModels.swift */,
				9654628B5C1FF4264957DEA3 /* TransactionScreens.swift */,
			);
			path = Features;
			sourceTree = "<group>";
		};
		5000667DE0E3F9057CC13AE3 /* macOS */ = {
			isa = PBXGroup;
			children = (
				9E82929FAEB7D2FF30F8FEE4 /* Assets.xcassets */,
				2E8B677BF8165F1CF2AA217F /* FiscalmacOSApp.swift */,
				F41296659AE4F2333D274669 /* Info.plist */,
				255F8031C4F10F48F933A838 /* MacRootView.swift */,
			);
			name = macOS;
			path = Apps/macOS;
			sourceTree = "<group>";
		};
		6C5CCED46039A5A1166E8E9D /* FiscalKit */ = {
			isa = PBXGroup;
			children = (
				1864FBD94BF1F5733EFEF4F1 /* API */,
				B019E870A7FB30C0EF905056 /* Data */,
				6DDA295B757DF6D2B4D59C86 /* DesignSystem */,
				E77069FBBA168A46776D69E7 /* Domain */,
				4610971F7E42E6C9632D3CE8 /* Features */,
				BDC5EC5BE853C7FCA7D8967C /* PreviewSupport */,
			);
			name = FiscalKit;
			path = Sources/FiscalKit;
			sourceTree = "<group>";
		};
		6DDA295B757DF6D2B4D59C86 /* DesignSystem */ = {
			isa = PBXGroup;
			children = (
				C1164C772E643D0CF6996CB1 /* FiscalDesign.swift */,
				FCB93673B1BC323E17CA866A /* MoneyFormat.swift */,
			);
			path = DesignSystem;
			sourceTree = "<group>";
		};
		7DB5746800CA4D78339A007B = {
			isa = PBXGroup;
			children = (
				6C5CCED46039A5A1166E8E9D /* FiscalKit */,
				8A358C15C8D1F7DE1E1928B4 /* FiscalKitTests */,
				B4756626BBF0B21749E0BB43 /* FiscalSnapshotTool */,
				80EB8C0E3354C84FA4848679 /* FiscalUITests */,
				B16237A5BE4D2E3B11484E9C /* iOS */,
				5000667DE0E3F9057CC13AE3 /* macOS */,
				286CDCC43FF0C2D12F56091A /* Products */,
			);
			sourceTree = "<group>";
		};
		80EB8C0E3354C84FA4848679 /* FiscalUITests */ = {
			isa = PBXGroup;
			children = (
				59C18CEE768684AD8529AC01 /* FiscalUITests.swift */,
			);
			name = FiscalUITests;
			path = Tests/FiscalUITests;
			sourceTree = "<group>";
		};
		8A358C15C8D1F7DE1E1928B4 /* FiscalKitTests */ = {
			isa = PBXGroup;
			children = (
				804F88664C4025B50AD0FC75 /* FiscalKitTests.swift */,
				E0B37F87A62073E2D426AC5C /* P9InputTests.swift */,
				23BD6A03B99F7398A9E508A6 /* P10InfrastructureTests.swift */,
				1E62F028D5C7F476391834BF /* P10MacWorkbenchTests.swift */,
				5DFD347A403BBE5D74B1F7F0 /* P11SecurityTests.swift */,
			);
			name = FiscalKitTests;
			path = Tests/FiscalKitTests;
			sourceTree = "<group>";
		};
		B019E870A7FB30C0EF905056 /* Data */ = {
			isa = PBXGroup;
			children = (
				4EA7703B5970A868EC31D996 /* AIProposalRepository.swift */,
				2F67EBD69105DDF7D3E4FED2 /* AISettingsRepository.swift */,
				6F6D5C08025FA9E847D78B61 /* CreditRepository.swift */,
				971383DF03B4FB6974955E6F /* DeviceSecurityRepository.swift */,
				D3F624ADD5C2E121C7F641DD /* InstallmentRepository.swift */,
				500D93BA4A15042D04A34190 /* KeychainTokenStore.swift */,
				6A8B134AC6D0F6AF80ECDA80 /* MasterDataRepositories.swift */,
				9A3AB4BE7E4F9C491EEA3497 /* ReimbursementRepository.swift */,
				2565D0CD7EC6A2E0C3659D71 /* ReportingRepository.swift */,
				5A0067D7F4A0681CA61009D6 /* TransactionRepository.swift */,
			);
			path = Data;
			sourceTree = "<group>";
		};
		B16237A5BE4D2E3B11484E9C /* iOS */ = {
			isa = PBXGroup;
			children = (
				D633D5077E7D71031EF35843 /* Assets.xcassets */,
				29540C1D2948FC97337C271B /* FiscaliOSApp.swift */,
				A34095B1DD7CB23F5F409164 /* FiscalNotifications.swift */,
				128E44B859F89927A62EEE28 /* FiscalShortcuts.swift */,
				A501B4150DAFA4ABFE586271 /* Info.plist */,
				AC2144E087E40C5B7FEF232A /* IOSRootView.swift */,
			);
			name = iOS;
			path = Apps/iOS;
			sourceTree = "<group>";
		};
		B4756626BBF0B21749E0BB43 /* FiscalSnapshotTool */ = {
			isa = PBXGroup;
			children = (
				5A9F4731919A2E01A4446F81 /* SnapshotTool.swift */,
			);
			name = FiscalSnapshotTool;
			path = Tests/FiscalSnapshotTool;
			sourceTree = "<group>";
		};
		BDC5EC5BE853C7FCA7D8967C /* PreviewSupport */ = {
			isa = PBXGroup;
			children = (
				9AB6841587AA8B69AFF3A00A /* OverviewFixtures.swift */,
			);
			path = PreviewSupport;
			sourceTree = "<group>";
		};
		E77069FBBA168A46776D69E7 /* Domain */ = {
			isa = PBXGroup;
			children = (
				6A14CCE721BB151FDA4981B9 /* AIProposalDTO.swift */,
				1A96FD3E04393BDF8D525167 /* AISettingsDTO.swift */,
				50AE5EE92E61AC85DDE507B3 /* CreditDTO.swift */,
				B776D98F419D1A0D118D08AC /* InstallmentDTO.swift */,
				5CB89B668C9785D2064942E1 /* MasterDataDTO.swift */,
				185A49CF04897A7803A09434 /* OverviewSnapshot.swift */,
				EF39C6F2744F63EE814A73F2 /* ReimbursementDTO.swift */,
				524E9B77F58FABD7A662DE07 /* ReportingDTO.swift */,
				231B8C5B49337369E6329110 /* SecurityDTO.swift */,
				14D2F5B51728A050A74E8E3F /* TransactionDTO.swift */,
			);
			path = Domain;
			sourceTree = "<group>";
		};
/* End PBXGroup section */

/* Begin PBXNativeTarget section */
		0C3D4DF70B1FF4DB0A48A385 /* FiscalUITests */ = {
			isa = PBXNativeTarget;
			buildConfigurationList = 6565F61490FB8C682C54FD27 /* Build configuration list for PBXNativeTarget "FiscalUITests" */;
			buildPhases = (
				3A97C2CFE7A7A2436E12B594 /* Sources */,
			);
			buildRules = (
			);
			dependencies = (
				1B8D54E11BC922AF14437E1F /* PBXTargetDependency */,
			);
			name = FiscalUITests;
			packageProductDependencies = (
			);
			productName = FiscalUITests;
			productReference = 2E901AA4B81BD9921A100F0C /* FiscalUITests.xctest */;
			productType = "com.apple.product-type.bundle.ui-testing";
		};
		25C91C540017863ADAFCF7C8 /* FiscalSnapshotTool */ = {
			isa = PBXNativeTarget;
			buildConfigurationList = B1C53B00347A5A708B324476 /* Build configuration list for PBXNativeTarget "FiscalSnapshotTool" */;
			buildPhases = (
				E18E0CA3BC8477B17F64DCED /* Sources */,
				57A35816400A099105639F70 /* Frameworks */,
			);
			buildRules = (
			);
			dependencies = (
				ADB0979AAE41C53C212E4C21 /* PBXTargetDependency */,
			);
			name = FiscalSnapshotTool;
			packageProductDependencies = (
			);
			productName = FiscalSnapshotTool;
			productReference = 0C171D635157C9F0E510E27F /* FiscalSnapshotTool */;
			productType = "com.apple.product-type.tool";
		};
		45F13C514158836F5997B64A /* FiscaliOS */ = {
			isa = PBXNativeTarget;
			buildConfigurationList = CCFE5545F4C356D51A830F82 /* Build configuration list for PBXNativeTarget "FiscaliOS" */;
			buildPhases = (
				DB8D75638DFCAD563C33C887 /* Sources */,
				3ADC6BD14F779B81B3D77AEE /* Resources */,
				69957A6D62DD07061A9F33EF /* Frameworks */,
				92079675CD5CB8AD3C824F1A /* Embed Frameworks */,
			);
			buildRules = (
			);
			dependencies = (
				6B095DA081A077145F9325FD /* PBXTargetDependency */,
			);
			name = FiscaliOS;
			packageProductDependencies = (
			);
			productName = FiscaliOS;
			productReference = 22D6DBE46DB3991049438550 /* FiscaliOS.app */;
			productType = "com.apple.product-type.application";
		};
		6B57E8E3B1B1BCCC75962CB5 /* FiscalmacOS */ = {
			isa = PBXNativeTarget;
			buildConfigurationList = 085F957DCBD9E53B1F0DBA33 /* Build configuration list for PBXNativeTarget "FiscalmacOS" */;
			buildPhases = (
				B344B216BDEEC4145A81373F /* Sources */,
				D9715915D99194FE4205407F /* Resources */,
				A54E17FAA07370E49DD17FA0 /* Frameworks */,
				A5E5D7A291086571FB534A01 /* Embed Frameworks */,
			);
			buildRules = (
			);
			dependencies = (
				59D111E6AFC77E6683115C2B /* PBXTargetDependency */,
			);
			name = FiscalmacOS;
			packageProductDependencies = (
			);
			productName = FiscalmacOS;
			productReference = A48D8B5171D3A1FF7724A9BA /* FiscalmacOS.app */;
			productType = "com.apple.product-type.application";
		};
		815E6F5C3B93A6D19BF95C81 /* FiscalKitTests */ = {
			isa = PBXNativeTarget;
			buildConfigurationList = 9D5797AE7253A815B39EFC2D /* Build configuration list for PBXNativeTarget "FiscalKitTests" */;
			buildPhases = (
				5A032459F39EC56928041B1D /* Sources */,
				B5B6BF6E602E7A77BD6561A9 /* Frameworks */,
				C4985D202321DB1034149B26 /* Embed Frameworks */,
			);
			buildRules = (
			);
			dependencies = (
				4D62DAE78CA3B0371D2E702D /* PBXTargetDependency */,
			);
			name = FiscalKitTests;
			packageProductDependencies = (
			);
			productName = FiscalKitTests;
			productReference = E0D63863F934E27294B1542B /* FiscalKitTests.xctest */;
			productType = "com.apple.product-type.bundle.unit-test";
		};
		B72B8EC053FAD83C228BFEA5 /* FiscalKit_iOS */ = {
			isa = PBXNativeTarget;
			buildConfigurationList = E47EC3D0B4B39A6785E00D0E /* Build configuration list for PBXNativeTarget "FiscalKit_iOS" */;
			buildPhases = (
				99C5151150C1BC16B7991037 /* Sources */,
			);
			buildRules = (
			);
			dependencies = (
			);
			name = FiscalKit_iOS;
			packageProductDependencies = (
			);
			productName = FiscalKit_iOS;
			productReference = E2FF91C44F1DCC211426631D /* FiscalKit.framework */;
			productType = "com.apple.product-type.framework";
		};
		EFD2231970AF74FED6F35D80 /* FiscalKit_macOS */ = {
			isa = PBXNativeTarget;
			buildConfigurationList = C8DE300D71DE9BA7352897FC /* Build configuration list for PBXNativeTarget "FiscalKit_macOS" */;
			buildPhases = (
				B6B58445FD1C2A40BC09F128 /* Sources */,
			);
			buildRules = (
			);
			dependencies = (
			);
			name = FiscalKit_macOS;
			packageProductDependencies = (
			);
			productName = FiscalKit_macOS;
			productReference = E5E548FB37878DDEA0D9A06B /* FiscalKit.framework */;
			productType = "com.apple.product-type.framework";
		};
/* End PBXNativeTarget section */

/* Begin PBXProject section */
		DADC49572FB901351DC0BBED /* Project object */ = {
			isa = PBXProject;
			attributes = {
				BuildIndependentTargetsInParallel = YES;
				LastUpgradeCheck = 2660;
				TargetAttributes = {
					0C3D4DF70B1FF4DB0A48A385 = {
						TestTargetID = 45F13C514158836F5997B64A;
					};
					45F13C514158836F5997B64A = {
						DevelopmentTeam = HX73DFL88G;
						ProvisioningStyle = Automatic;
					};
				};
			};
			buildConfigurationList = DE991A38B96670C5CC65EA38 /* Build configuration list for PBXProject "Fiscal" */;
			developmentRegion = en;
			hasScannedForEncodings = 0;
			knownRegions = (
				Base,
				en,
			);
			mainGroup = 7DB5746800CA4D78339A007B;
			minimizedProjectReferenceProxies = 1;
			preferredProjectObjectVersion = 77;
			productRefGroup = 286CDCC43FF0C2D12F56091A /* Products */;
			projectDirPath = "";
			projectRoot = "";
			targets = (
				815E6F5C3B93A6D19BF95C81 /* FiscalKitTests */,
				B72B8EC053FAD83C228BFEA5 /* FiscalKit_iOS */,
				EFD2231970AF74FED6F35D80 /* FiscalKit_macOS */,
				25C91C540017863ADAFCF7C8 /* FiscalSnapshotTool */,
				0C3D4DF70B1FF4DB0A48A385 /* FiscalUITests */,
				45F13C514158836F5997B64A /* FiscaliOS */,
				6B57E8E3B1B1BCCC75962CB5 /* FiscalmacOS */,
			);
		};
/* End PBXProject section */

/* Begin PBXResourcesBuildPhase section */
		3ADC6BD14F779B81B3D77AEE /* Resources */ = {
			isa = PBXResourcesBuildPhase;
			buildActionMask = 2147483647;
			files = (
				28C6F7D2B2F73409AF719339 /* Assets.xcassets in Resources */,
			);
			runOnlyForDeploymentPostprocessing = 0;
		};
		D9715915D99194FE4205407F /* Resources */ = {
			isa = PBXResourcesBuildPhase;
			buildActionMask = 2147483647;
			files = (
				24906508AF6167FD113A3D03 /* Assets.xcassets in Resources */,
			);
			runOnlyForDeploymentPostprocessing = 0;
		};
/* End PBXResourcesBuildPhase section */

/* Begin PBXSourcesBuildPhase section */
		3A97C2CFE7A7A2436E12B594 /* Sources */ = {
			isa = PBXSourcesBuildPhase;
			buildActionMask = 2147483647;
			files = (
				CAB14618787EAB485A7F0920 /* FiscalUITests.swift in Sources */,
			);
			runOnlyForDeploymentPostprocessing = 0;
		};
		5A032459F39EC56928041B1D /* Sources */ = {
			isa = PBXSourcesBuildPhase;
			buildActionMask = 2147483647;
			files = (
				B456FF5781B7A73DE7AEFF19 /* FiscalKitTests.swift in Sources */,
				93D596E390E747EF3060EEAB /* P10InfrastructureTests.swift in Sources */,
				D7D2D318157502A371C00E48 /* P10MacWorkbenchTests.swift in Sources */,
				2EAE26195F0E9BA6687B253E /* P11SecurityTests.swift in Sources */,
				8C3520FB72EC576D0544255C /* P9InputTests.swift in Sources */,
			);
			runOnlyForDeploymentPostprocessing = 0;
		};
		99C5151150C1BC16B7991037 /* Sources */ = {
			isa = PBXSourcesBuildPhase;
			buildActionMask = 2147483647;
			files = (
				CB7FEFEFF177F9D2BC620ABC /* AIInputSubmission.swift in Sources */,
				DC3A6F94ECC3CCBE95DA33BB /* AIProposalDTO.swift in Sources */,
				25F7A3F9B77E2D03F773E6B1 /* AIProposalModel.swift in Sources */,
				D64D2A140FEB4DC93DFBD670 /* AIProposalRepository.swift in Sources */,
				9901DB140E7920082CF106B8 /* AIProposalScreens.swift in Sources */,
				47AB207089C1F68AF4078C10 /* AISettingsDTO.swift in Sources */,
				044565A02446EA080C44BDE8 /* AISettingsModel.swift in Sources */,
				A2FC5A547E003382E291D173 /* AISettingsRepository.swift in Sources */,
				BE17976A44A851276CF80AFD /* APIConfiguration.swift in Sources */,
				C42A579D33B3CC37A069CB3F /* APITransport.swift in Sources */,
				69114C706C51C5E175810D51 /* CaptureAuthorizationModel.swift in Sources */,
				9E05E23319E13CE50F8BC00A /* ConnectionModel.swift in Sources */,
				803947D4FBF8B2BEF726E0A7 /* CreditDTO.swift in Sources */,
				E67C6BEF0FFD61DE50A2E3B8 /* CreditModel.swift in Sources */,
				095E87EC30FDBE600CB36502 /* CreditRepository.swift in Sources */,
				4B862841FABAAF8631C459E9 /* CreditScreens.swift in Sources */,
				3DED9C046347B3C9574CD56D /* DeviceSecurityModel.swift in Sources */,
				C4655CE222EEC290F5C23B54 /* DeviceSecurityRepository.swift in Sources */,
				15BB0F18A42867A3156A607C /* FiscalDesign.swift in Sources */,
				F18F1E77D5C1D3AA9202F2E8 /* HTTPResponseCache.swift in Sources */,
				981CC9DC6BC9DF96A0EDE71B /* IOSOverviewScreen.swift in Sources */,
				58D58F47A45AD9947FD3CC62 /* InstallmentDTO.swift in Sources */,
				26658545C3F7F97DCC2DC110 /* InstallmentModel.swift in Sources */,
				89087700DD68C77C7175FA1C /* InstallmentRepository.swift in Sources */,
				9307E589EF04A2D630C49160 /* InstallmentScreens.swift in Sources */,
				0E59ACB97BECD3181F51A92F /* KeychainTokenStore.swift in Sources */,
				0593A52F50EF56D7F4AD9CF5 /* MacOverviewScreen.swift in Sources */,
				5F6105347317E351A61F72C1 /* MacTransactionWorkbench.swift in Sources */,
				B6D9AA5E9C3D3D572F7F3FDE /* MasterDataDTO.swift in Sources */,
				A336173A53CFCB17588F8CB0 /* MasterDataModels.swift in Sources */,
				DD074CA639D50F253BC74684 /* MasterDataRepositories.swift in Sources */,
				3010D4B8CF583CCB83B9C0CF /* MasterDataScreens.swift in Sources */,
				A306C34BEC185CD5FE479DF0 /* MoneyFormat.swift in Sources */,
				BA71137FB7961C822DA900E9 /* OCRInputService.swift in Sources */,
				351A8469BB5904E68E5069DF /* OverviewFixtures.swift in Sources */,
				AEB258C3DF48989FDDC59B2B /* OverviewSnapshot.swift in Sources */,
				B6DE74EF3CF5E14A638D02F9 /* PlaceholderScreen.swift in Sources */,
				F1A543480EE639BDA7DA8B0F /* RecordingPreferences.swift in Sources */,
				8F352FC4B0E80F982525AED9 /* ReimbursementDTO.swift in Sources */,
				01C1E84B8390289B1D225E71 /* ReimbursementModel.swift in Sources */,
				176EB9254474739905284C8E /* ReimbursementRepository.swift in Sources */,
				E6996334DD1C8B508DDAE946 /* ReimbursementScreens.swift in Sources */,
				255219906D45CCA7F176A539 /* ReportingDTO.swift in Sources */,
				CB689EF9A13E2E14EC31044B /* ReportingModel.swift in Sources */,
				78AA1D87BA584A3B070ACAC1 /* ReportingRepository.swift in Sources */,
				A09DF5B3A3841E652FC729CC /* ReportingScreens.swift in Sources */,
				93C6A4122B8519F18EC43111 /* SecurityDTO.swift in Sources */,
				C700E2C6D2B666953C652129 /* SettingsScreens.swift in Sources */,
				7A3542E65018766E4BA525A2 /* SharedOverviewComponents.swift in Sources */,
				3A2A0B10963D95C372BD4924 /* SystemStatus.swift in Sources */,
				07C81CB610412DD379C0101C /* TransactionDTO.swift in Sources */,
				830689914AD7D22FC9F5749F /* TransactionModels.swift in Sources */,
				EC7C9011E02301DF54E04B1D /* TransactionRepository.swift in Sources */,
				16C11D0F2A385F40A9CA246A /* TransactionScreens.swift in Sources */,
			);
			runOnlyForDeploymentPostprocessing = 0;
		};
		B344B216BDEEC4145A81373F /* Sources */ = {
			isa = PBXSourcesBuildPhase;
			buildActionMask = 2147483647;
			files = (
				8E8037BF67BFD62CDA4033EA /* FiscalmacOSApp.swift in Sources */,
				762C619FE720543408DACD69 /* MacRootView.swift in Sources */,
			);
			runOnlyForDeploymentPostprocessing = 0;
		};
		B6B58445FD1C2A40BC09F128 /* Sources */ = {
			isa = PBXSourcesBuildPhase;
			buildActionMask = 2147483647;
			files = (
				47DD9F8FF2D3DFEECA226CD4 /* AIInputSubmission.swift in Sources */,
				DB18067C21BFC9CB378604D9 /* AIProposalDTO.swift in Sources */,
				546512E139DB1A8B3B31F4A9 /* AIProposalModel.swift in Sources */,
				4E8E488F5194E9A013CF1ABD /* AIProposalRepository.swift in Sources */,
				3524B93E10107CBA714E981E /* AIProposalScreens.swift in Sources */,
				B7F5464BC01EB757FA330392 /* AISettingsDTO.swift in Sources */,
				E2223435EA826D54E8929B16 /* AISettingsModel.swift in Sources */,
				83469C4C09BE7378492F2B31 /* AISettingsRepository.swift in Sources */,
				CE4D4DDA94380519D6AA4DD2 /* APIConfiguration.swift in Sources */,
				182C32DC2D8B456E50A6458A /* APITransport.swift in Sources */,
				C3465B84C2BAFC3BF304C6CB /* CaptureAuthorizationModel.swift in Sources */,
				D049B3275D9D8CF1DF91BC4B /* ConnectionModel.swift in Sources */,
				268326D892E97761F947F6D0 /* CreditDTO.swift in Sources */,
				C9F0CD5E3ED47A855E847C3E /* CreditModel.swift in Sources */,
				45CD9B1BCF0BB42D87684C7D /* CreditRepository.swift in Sources */,
				79595B893A93FD06DF6B4F4A /* CreditScreens.swift in Sources */,
				0EA71BEA24FBFE8ACA3D11F0 /* DeviceSecurityModel.swift in Sources */,
				A980958002502D76EE6189C6 /* DeviceSecurityRepository.swift in Sources */,
				B4F38F2E63F4D88D9C40F60D /* FiscalDesign.swift in Sources */,
				6CBFC11C9E0A65E9700E393B /* HTTPResponseCache.swift in Sources */,
				BAD009742B2AE146F55E918A /* IOSOverviewScreen.swift in Sources */,
				290EF44276D0A4983D3D3883 /* InstallmentDTO.swift in Sources */,
				EB941A8C4F43A67DDF71A0D0 /* InstallmentModel.swift in Sources */,
				2A6C366F90678183C6E76FEB /* InstallmentRepository.swift in Sources */,
				1E93660618BFA3172A2C2886 /* InstallmentScreens.swift in Sources */,
				BDBC32BC1071C2E175D1E539 /* KeychainTokenStore.swift in Sources */,
				2C2CEBA165280B41950328E6 /* MacOverviewScreen.swift in Sources */,
				060D12A491DC6B4BB43CDB1E /* MacTransactionWorkbench.swift in Sources */,
				682F700DD6FD0ACCC4BC1BCD /* MasterDataDTO.swift in Sources */,
				70083F44D5488D2A90A18600 /* MasterDataModels.swift in Sources */,
				DF89480104FF18E9975CA435 /* MasterDataRepositories.swift in Sources */,
				38CD903D4D58CFE2A8C209D0 /* MasterDataScreens.swift in Sources */,
				42CF6FAB3A19861566479BE9 /* MoneyFormat.swift in Sources */,
				790361283016EDBEF8212D3D /* OCRInputService.swift in Sources */,
				956D11991AADEFD598358E95 /* OverviewFixtures.swift in Sources */,
				0DB3D38B493F1B22A954DEC2 /* OverviewSnapshot.swift in Sources */,
				F75E5694540328D93F6A9CBE /* PlaceholderScreen.swift in Sources */,
				5CB9771C2EDBD24B1664C3C7 /* RecordingPreferences.swift in Sources */,
				E5EA9FB15375AD6F67A32EC4 /* ReimbursementDTO.swift in Sources */,
				6CEE9412D66F9E0E5250DA7B /* ReimbursementModel.swift in Sources */,
				CF97D0DCF3FDF7229D0BEE04 /* ReimbursementRepository.swift in Sources */,
				CECB7E26EC40C8BAAE042E28 /* ReimbursementScreens.swift in Sources */,
				AECF878CB105D0F014FCCB2C /* ReportingDTO.swift in Sources */,
				A3382FD8082374C7FBF38CD1 /* ReportingModel.swift in Sources */,
				64867B9499765117BF8434D4 /* ReportingRepository.swift in Sources */,
				5BD2F17E4A2A1AD9560ABBF4 /* ReportingScreens.swift in Sources */,
				282293EA3D1B961E7267D0C4 /* SecurityDTO.swift in Sources */,
				57EA19B5230ACCC35A5BFCD1 /* SettingsScreens.swift in Sources */,
				F75284CCBBC1D7F4D2CED316 /* SharedOverviewComponents.swift in Sources */,
				6297712DE1515836BCC6E29E /* SystemStatus.swift in Sources */,
				E1F6BFF656B87F2DAA1C21E5 /* TransactionDTO.swift in Sources */,
				8E2A9F3F530D7AEC804E1A0E /* TransactionModels.swift in Sources */,
				A93A8DAFC29E991E35413859 /* TransactionRepository.swift in Sources */,
				DE3269DC41F6C6035D92F953 /* TransactionScreens.swift in Sources */,
			);
			runOnlyForDeploymentPostprocessing = 0;
		};
		DB8D75638DFCAD563C33C887 /* Sources */ = {
			isa = PBXSourcesBuildPhase;
			buildActionMask = 2147483647;
			files = (
				C2FF5131387EF586283B5E4A /* FiscalNotifications.swift in Sources */,
				4FEA18DD0F6BFB141B18BE6F /* FiscalShortcuts.swift in Sources */,
				C448FE553D4EDD301055D712 /* FiscaliOSApp.swift in Sources */,
				E3046B16C01C9457A052EF11 /* IOSRootView.swift in Sources */,
			);
			runOnlyForDeploymentPostprocessing = 0;
		};
		E18E0CA3BC8477B17F64DCED /* Sources */ = {
			isa = PBXSourcesBuildPhase;
			buildActionMask = 2147483647;
			files = (
				91C3703989CE12A2FE3FB1A7 /* SnapshotTool.swift in Sources */,
			);
			runOnlyForDeploymentPostprocessing = 0;
		};
/* End PBXSourcesBuildPhase section */

/* Begin PBXTargetDependency section */
		1B8D54E11BC922AF14437E1F /* PBXTargetDependency */ = {
			isa = PBXTargetDependency;
			target = 45F13C514158836F5997B64A /* FiscaliOS */;
			targetProxy = 66E8C27366C78B91BDAE7B69 /* PBXContainerItemProxy */;
		};
		4D62DAE78CA3B0371D2E702D /* PBXTargetDependency */ = {
			isa = PBXTargetDependency;
			target = EFD2231970AF74FED6F35D80 /* FiscalKit_macOS */;
			targetProxy = D0715A5F168D936695DEAC3A /* PBXContainerItemProxy */;
		};
		59D111E6AFC77E6683115C2B /* PBXTargetDependency */ = {
			isa = PBXTargetDependency;
			target = EFD2231970AF74FED6F35D80 /* FiscalKit_macOS */;
			targetProxy = 76644735BD468C16311DEB9B /* PBXContainerItemProxy */;
		};
		6B095DA081A077145F9325FD /* PBXTargetDependency */ = {
			isa = PBXTargetDependency;
			target = B72B8EC053FAD83C228BFEA5 /* FiscalKit_iOS */;
			targetProxy = 1A7E0860F5A05C40CBCAC705 /* PBXContainerItemProxy */;
		};
		ADB0979AAE41C53C212E4C21 /* PBXTargetDependency */ = {
			isa = PBXTargetDependency;
			target = EFD2231970AF74FED6F35D80 /* FiscalKit_macOS */;
			targetProxy = B2BF1A7AD7FFC5F4FD71C200 /* PBXContainerItemProxy */;
		};
/* End PBXTargetDependency section */

/* Begin XCBuildConfiguration section */
		2A02F921A2A7CF6D6AEDE642 /* Release */ = {
			isa = XCBuildConfiguration;
			buildSettings = {
				ASSETCATALOG_COMPILER_APPICON_NAME = AppIcon;
				CODE_SIGN_IDENTITY = "iPhone Developer";
				CODE_SIGN_STYLE = Automatic;
				DEVELOPMENT_TEAM = HX73DFL88G;
				FISCAL_API_BASE_URL = "https://fiscal.linotsai.top";
				INFOPLIST_FILE = Apps/iOS/Info.plist;
				LD_RUNPATH_SEARCH_PATHS = (
					"$(inherited)",
					"@executable_path/Frameworks",
				);
				PRODUCT_BUNDLE_IDENTIFIER = com.linotsai.fiscal;
				PRODUCT_NAME = Fiscal;
				SDKROOT = iphoneos;
				TARGETED_DEVICE_FAMILY = "1,2";
			};
			name = Release;
		};
		3A5CC94E9715CD1E81B57B0A /* Debug */ = {
			isa = XCBuildConfiguration;
			buildSettings = {
				ASSETCATALOG_COMPILER_APPICON_NAME = AppIcon;
				COMBINE_HIDPI_IMAGES = YES;
				ENABLE_HARDENED_RUNTIME = YES;
				FISCAL_API_BASE_URL = "http://127.0.0.1:8000";
				INFOPLIST_FILE = Apps/macOS/Info.plist;
				LD_RUNPATH_SEARCH_PATHS = (
					"$(inherited)",
					"@executable_path/../Frameworks",
				);
				PRODUCT_BUNDLE_IDENTIFIER = com.linotsai.fiscal.mac;
				PRODUCT_NAME = Fiscal;
				SDKROOT = macosx;
			};
			name = Debug;
		};
		57745941697FC8A063EAC5A1 /* Debug */ = {
			isa = XCBuildConfiguration;
			buildSettings = {
				ASSETCATALOG_COMPILER_APPICON_NAME = AppIcon;
				CODE_SIGN_IDENTITY = "iPhone Developer";
				CODE_SIGN_STYLE = Automatic;
				DEVELOPMENT_TEAM = HX73DFL88G;
				FISCAL_API_BASE_URL = "http://127.0.0.1:8000";
				INFOPLIST_FILE = Apps/iOS/Info.plist;
				LD_RUNPATH_SEARCH_PATHS = (
					"$(inherited)",
					"@executable_path/Frameworks",
				);
				PRODUCT_BUNDLE_IDENTIFIER = com.linotsai.fiscal;
				PRODUCT_NAME = Fiscal;
				SDKROOT = iphoneos;
				TARGETED_DEVICE_FAMILY = "1,2";
			};
			name = Debug;
		};
		5C91CEB4C32BB252A064D380 /* Debug */ = {
			isa = XCBuildConfiguration;
			buildSettings = {
				COMBINE_HIDPI_IMAGES = YES;
				LD_RUNPATH_SEARCH_PATHS = (
					"$(inherited)",
					"@executable_path/../Frameworks",
				);
				PRODUCT_BUNDLE_IDENTIFIER = "com.linotsai.fiscal.snapshot-tool";
				SDKROOT = macosx;
			};
			name = Debug;
		};
		5FB754073EBC1F8E15321CA7 /* Release */ = {
			isa = XCBuildConfiguration;
			buildSettings = {
				CODE_SIGN_IDENTITY = "";
				COMBINE_HIDPI_IMAGES = YES;
				CURRENT_PROJECT_VERSION = 1;
				DEFINES_MODULE = YES;
				DYLIB_COMPATIBILITY_VERSION = 1;
				DYLIB_CURRENT_VERSION = 1;
				DYLIB_INSTALL_NAME_BASE = "@rpath";
				INSTALL_PATH = "$(LOCAL_LIBRARY_DIR)/Frameworks";
				LD_RUNPATH_SEARCH_PATHS = (
					"$(inherited)",
					"@executable_path/../Frameworks",
				);
				PRODUCT_BUNDLE_IDENTIFIER = com.linotsai.fiscal.kit;
				PRODUCT_NAME = FiscalKit;
				SDKROOT = macosx;
				SKIP_INSTALL = YES;
				VERSIONING_SYSTEM = "apple-generic";
			};
			name = Release;
		};
		7A0FE7EA983CB3EFA03985AD /* Debug */ = {
			isa = XCBuildConfiguration;
			buildSettings = {
				CODE_SIGN_IDENTITY = "";
				COMBINE_HIDPI_IMAGES = YES;
				CURRENT_PROJECT_VERSION = 1;
				DEFINES_MODULE = YES;
				DYLIB_COMPATIBILITY_VERSION = 1;
				DYLIB_CURRENT_VERSION = 1;
				DYLIB_INSTALL_NAME_BASE = "@rpath";
				INSTALL_PATH = "$(LOCAL_LIBRARY_DIR)/Frameworks";
				LD_RUNPATH_SEARCH_PATHS = (
					"$(inherited)",
					"@executable_path/../Frameworks",
				);
				PRODUCT_BUNDLE_IDENTIFIER = com.linotsai.fiscal.kit;
				PRODUCT_NAME = FiscalKit;
				SDKROOT = macosx;
				SKIP_INSTALL = YES;
				VERSIONING_SYSTEM = "apple-generic";
			};
			name = Debug;
		};
		8B75217FA0F91F34BB7C2FBD /* Release */ = {
			isa = XCBuildConfiguration;
			buildSettings = {
				ASSETCATALOG_COMPILER_APPICON_NAME = AppIcon;
				CODE_SIGN_IDENTITY = "Developer ID Application";
				CODE_SIGN_INJECT_BASE_ENTITLEMENTS = NO;
				CODE_SIGN_STYLE = Manual;
				COMBINE_HIDPI_IMAGES = YES;
				DEVELOPMENT_TEAM = HX73DFL88G;
				ENABLE_HARDENED_RUNTIME = YES;
				FISCAL_API_BASE_URL = "https://fiscal.linotsai.top";
				INFOPLIST_FILE = Apps/macOS/Info.plist;
				LD_RUNPATH_SEARCH_PATHS = (
					"$(inherited)",
					"@executable_path/../Frameworks",
				);
				OTHER_CODE_SIGN_FLAGS = "--timestamp";
				PRODUCT_BUNDLE_IDENTIFIER = com.linotsai.fiscal.mac;
				PRODUCT_NAME = Fiscal;
				SDKROOT = macosx;
			};
			name = Release;
		};
		8F5457A819B8A6D24B4E85E5 /* Debug */ = {
			isa = XCBuildConfiguration;
			buildSettings = {
				ALWAYS_SEARCH_USER_PATHS = NO;
				CLANG_ANALYZER_NONNULL = YES;
				CLANG_ANALYZER_NUMBER_OBJECT_CONVERSION = YES_AGGRESSIVE;
				CLANG_CXX_LANGUAGE_STANDARD = "gnu++14";
				CLANG_CXX_LIBRARY = "libc++";
				CLANG_ENABLE_MODULES = YES;
				CLANG_ENABLE_OBJC_ARC = YES;
				CLANG_ENABLE_OBJC_WEAK = YES;
				CLANG_WARN_BLOCK_CAPTURE_AUTORELEASING = YES;
				CLANG_WARN_BOOL_CONVERSION = YES;
				CLANG_WARN_COMMA = YES;
				CLANG_WARN_CONSTANT_CONVERSION = YES;
				CLANG_WARN_DEPRECATED_OBJC_IMPLEMENTATIONS = YES;
				CLANG_WARN_DIRECT_OBJC_ISA_USAGE = YES_ERROR;
				CLANG_WARN_DOCUMENTATION_COMMENTS = YES;
				CLANG_WARN_EMPTY_BODY = YES;
				CLANG_WARN_ENUM_CONVERSION = YES;
				CLANG_WARN_INFINITE_RECURSION = YES;
				CLANG_WARN_INT_CONVERSION = YES;
				CLANG_WARN_NON_LITERAL_NULL_CONVERSION = YES;
				CLANG_WARN_OBJC_IMPLICIT_RETAIN_SELF = YES;
				CLANG_WARN_OBJC_LITERAL_CONVERSION = YES;
				CLANG_WARN_OBJC_ROOT_CLASS = YES_ERROR;
				CLANG_WARN_QUOTED_INCLUDE_IN_FRAMEWORK_HEADER = YES;
				CLANG_WARN_RANGE_LOOP_ANALYSIS = YES;
				CLANG_WARN_STRICT_PROTOTYPES = YES;
				CLANG_WARN_SUSPICIOUS_MOVE = YES;
				CLANG_WARN_UNGUARDED_AVAILABILITY = YES_AGGRESSIVE;
				CLANG_WARN_UNREACHABLE_CODE = YES;
				CLANG_WARN__DUPLICATE_METHOD_MATCH = YES;
				COPY_PHASE_STRIP = NO;
				CURRENT_PROJECT_VERSION = 6;
				DEBUG_INFORMATION_FORMAT = dwarf;
				ENABLE_STRICT_OBJC_MSGSEND = YES;
				ENABLE_TESTABILITY = YES;
				ENABLE_USER_SCRIPT_SANDBOXING = YES;
				GCC_C_LANGUAGE_STANDARD = gnu11;
				GCC_DYNAMIC_NO_PIC = NO;
				GCC_NO_COMMON_BLOCKS = YES;
				GCC_OPTIMIZATION_LEVEL = 0;
				GCC_PREPROCESSOR_DEFINITIONS = (
					"$(inherited)",
					"DEBUG=1",
				);
				GCC_WARN_64_TO_32_BIT_CONVERSION = YES;
				GCC_WARN_ABOUT_RETURN_TYPE = YES_ERROR;
				GCC_WARN_UNDECLARED_SELECTOR = YES;
				GCC_WARN_UNINITIALIZED_AUTOS = YES_AGGRESSIVE;
				GCC_WARN_UNUSED_FUNCTION = YES;
				GCC_WARN_UNUSED_VARIABLE = YES;
				GENERATE_INFOPLIST_FILE = YES;
				IPHONEOS_DEPLOYMENT_TARGET = 26.0;
				MACOSX_DEPLOYMENT_TARGET = 26.0;
				MARKETING_VERSION = 1.1.0;
				MTL_ENABLE_DEBUG_INFO = INCLUDE_SOURCE;
				MTL_FAST_MATH = YES;
				ONLY_ACTIVE_ARCH = YES;
				PRODUCT_NAME = "$(TARGET_NAME)";
				SWIFT_ACTIVE_COMPILATION_CONDITIONS = DEBUG;
				SWIFT_OPTIMIZATION_LEVEL = "-Onone";
				SWIFT_STRICT_CONCURRENCY = complete;
				SWIFT_VERSION = 6.0;
			};
			name = Debug;
		};
		98169A0E786E4175E1062463 /* Debug */ = {
			isa = XCBuildConfiguration;
			buildSettings = {
				CODE_SIGN_IDENTITY = "";
				CURRENT_PROJECT_VERSION = 1;
				DEFINES_MODULE = YES;
				DYLIB_COMPATIBILITY_VERSION = 1;
				DYLIB_CURRENT_VERSION = 1;
				DYLIB_INSTALL_NAME_BASE = "@rpath";
				INSTALL_PATH = "$(LOCAL_LIBRARY_DIR)/Frameworks";
				LD_RUNPATH_SEARCH_PATHS = (
					"$(inherited)",
					"@executable_path/Frameworks",
				);
				PRODUCT_BUNDLE_IDENTIFIER = com.linotsai.fiscal.kit;
				PRODUCT_NAME = FiscalKit;
				SDKROOT = iphoneos;
				SKIP_INSTALL = YES;
				TARGETED_DEVICE_FAMILY = "1,2";
				VERSIONING_SYSTEM = "apple-generic";
			};
			name = Debug;
		};
		A7EA2846A06CE821FA707BA7 /* Debug */ = {
			isa = XCBuildConfiguration;
			buildSettings = {
				BUNDLE_LOADER = "$(TEST_HOST)";
				COMBINE_HIDPI_IMAGES = YES;
				LD_RUNPATH_SEARCH_PATHS = (
					"$(inherited)",
					"@executable_path/../Frameworks",
					"@loader_path/../Frameworks",
				);
				PRODUCT_BUNDLE_IDENTIFIER = com.linotsai.fiscal.kit.tests;
				SDKROOT = macosx;
			};
			name = Debug;
		};
		B65FE39EBB589A188AE4D3F3 /* Release */ = {
			isa = XCBuildConfiguration;
			buildSettings = {
				BUNDLE_LOADER = "$(TEST_HOST)";
				COMBINE_HIDPI_IMAGES = YES;
				LD_RUNPATH_SEARCH_PATHS = (
					"$(inherited)",
					"@executable_path/../Frameworks",
					"@loader_path/../Frameworks",
				);
				PRODUCT_BUNDLE_IDENTIFIER = com.linotsai.fiscal.kit.tests;
				SDKROOT = macosx;
			};
			name = Release;
		};
		BC9D45EBF09DB1993DDF903E /* Release */ = {
			isa = XCBuildConfiguration;
			buildSettings = {
				COMBINE_HIDPI_IMAGES = YES;
				LD_RUNPATH_SEARCH_PATHS = (
					"$(inherited)",
					"@executable_path/../Frameworks",
				);
				PRODUCT_BUNDLE_IDENTIFIER = "com.linotsai.fiscal.snapshot-tool";
				SDKROOT = macosx;
			};
			name = Release;
		};
		D9E71945F25069405E0CABF4 /* Debug */ = {
			isa = XCBuildConfiguration;
			buildSettings = {
				BUNDLE_LOADER = "$(TEST_HOST)";
				LD_RUNPATH_SEARCH_PATHS = (
					"$(inherited)",
					"@executable_path/Frameworks",
					"@loader_path/Frameworks",
				);
				PRODUCT_BUNDLE_IDENTIFIER = "com.linotsai.fiscal.ui-tests";
				SDKROOT = iphoneos;
				TARGETED_DEVICE_FAMILY = "1,2";
				TEST_TARGET_NAME = FiscaliOS;
			};
			name = Debug;
		};
		DD469AE39676498330C628D8 /* Release */ = {
			isa = XCBuildConfiguration;
			buildSettings = {
				CODE_SIGN_IDENTITY = "";
				CURRENT_PROJECT_VERSION = 1;
				DEFINES_MODULE = YES;
				DYLIB_COMPATIBILITY_VERSION = 1;
				DYLIB_CURRENT_VERSION = 1;
				DYLIB_INSTALL_NAME_BASE = "@rpath";
				INSTALL_PATH = "$(LOCAL_LIBRARY_DIR)/Frameworks";
				LD_RUNPATH_SEARCH_PATHS = (
					"$(inherited)",
					"@executable_path/Frameworks",
				);
				PRODUCT_BUNDLE_IDENTIFIER = com.linotsai.fiscal.kit;
				PRODUCT_NAME = FiscalKit;
				SDKROOT = iphoneos;
				SKIP_INSTALL = YES;
				TARGETED_DEVICE_FAMILY = "1,2";
				VERSIONING_SYSTEM = "apple-generic";
			};
			name = Release;
		};
		E273B91689B81EEA97A4A1E3 /* Release */ = {
			isa = XCBuildConfiguration;
			buildSettings = {
				BUNDLE_LOADER = "$(TEST_HOST)";
				LD_RUNPATH_SEARCH_PATHS = (
					"$(inherited)",
					"@executable_path/Frameworks",
					"@loader_path/Frameworks",
				);
				PRODUCT_BUNDLE_IDENTIFIER = "com.linotsai.fiscal.ui-tests";
				SDKROOT = iphoneos;
				TARGETED_DEVICE_FAMILY = "1,2";
				TEST_TARGET_NAME = FiscaliOS;
			};
			name = Release;
		};
		F3CC6A2B31AB64FE9DCCFF54 /* Release */ = {
			isa = XCBuildConfiguration;
			buildSettings = {
				ALWAYS_SEARCH_USER_PATHS = NO;
				CLANG_ANALYZER_NONNULL = YES;
				CLANG_ANALYZER_NUMBER_OBJECT_CONVERSION = YES_AGGRESSIVE;
				CLANG_CXX_LANGUAGE_STANDARD = "gnu++14";
				CLANG_CXX_LIBRARY = "libc++";
				CLANG_ENABLE_MODULES = YES;
				CLANG_ENABLE_OBJC_ARC = YES;
				CLANG_ENABLE_OBJC_WEAK = YES;
				CLANG_WARN_BLOCK_CAPTURE_AUTORELEASING = YES;
				CLANG_WARN_BOOL_CONVERSION = YES;
				CLANG_WARN_COMMA = YES;
				CLANG_WARN_CONSTANT_CONVERSION = YES;
				CLANG_WARN_DEPRECATED_OBJC_IMPLEMENTATIONS = YES;
				CLANG_WARN_DIRECT_OBJC_ISA_USAGE = YES_ERROR;
				CLANG_WARN_DOCUMENTATION_COMMENTS = YES;
				CLANG_WARN_EMPTY_BODY = YES;
				CLANG_WARN_ENUM_CONVERSION = YES;
				CLANG_WARN_INFINITE_RECURSION = YES;
				CLANG_WARN_INT_CONVERSION = YES;
				CLANG_WARN_NON_LITERAL_NULL_CONVERSION = YES;
				CLANG_WARN_OBJC_IMPLICIT_RETAIN_SELF = YES;
				CLANG_WARN_OBJC_LITERAL_CONVERSION = YES;
				CLANG_WARN_OBJC_ROOT_CLASS = YES_ERROR;
				CLANG_WARN_QUOTED_INCLUDE_IN_FRAMEWORK_HEADER = YES;
				CLANG_WARN_RANGE_LOOP_ANALYSIS = YES;
				CLANG_WARN_STRICT_PROTOTYPES = YES;
				CLANG_WARN_SUSPICIOUS_MOVE = YES;
				CLANG_WARN_UNGUARDED_AVAILABILITY = YES_AGGRESSIVE;
				CLANG_WARN_UNREACHABLE_CODE = YES;
				CLANG_WARN__DUPLICATE_METHOD_MATCH = YES;
				COPY_PHASE_STRIP = NO;
				CURRENT_PROJECT_VERSION = 6;
				DEBUG_INFORMATION_FORMAT = "dwarf-with-dsym";
				ENABLE_NS_ASSERTIONS = NO;
				ENABLE_STRICT_OBJC_MSGSEND = YES;
				ENABLE_USER_SCRIPT_SANDBOXING = YES;
				GCC_C_LANGUAGE_STANDARD = gnu11;
				GCC_NO_COMMON_BLOCKS = YES;
				GCC_WARN_64_TO_32_BIT_CONVERSION = YES;
				GCC_WARN_ABOUT_RETURN_TYPE = YES_ERROR;
				GCC_WARN_UNDECLARED_SELECTOR = YES;
				GCC_WARN_UNINITIALIZED_AUTOS = YES_AGGRESSIVE;
				GCC_WARN_UNUSED_FUNCTION = YES;
				GCC_WARN_UNUSED_VARIABLE = YES;
				GENERATE_INFOPLIST_FILE = YES;
				IPHONEOS_DEPLOYMENT_TARGET = 26.0;
				MACOSX_DEPLOYMENT_TARGET = 26.0;
				MARKETING_VERSION = 1.1.0;
				MTL_ENABLE_DEBUG_INFO = NO;
				MTL_FAST_MATH = YES;
				PRODUCT_NAME = "$(TARGET_NAME)";
				SWIFT_COMPILATION_MODE = wholemodule;
				SWIFT_OPTIMIZATION_LEVEL = "-O";
				SWIFT_STRICT_CONCURRENCY = complete;
				SWIFT_VERSION = 6.0;
			};
			name = Release;
		};
/* End XCBuildConfiguration section */

/* Begin XCConfigurationList section */
		085F957DCBD9E53B1F0DBA33 /* Build configuration list for PBXNativeTarget "FiscalmacOS" */ = {
			isa = XCConfigurationList;
			buildConfigurations = (
				3A5CC94E9715CD1E81B57B0A /* Debug */,
				8B75217FA0F91F34BB7C2FBD /* Release */,
			);
			defaultConfigurationIsVisible = 0;
			defaultConfigurationName = Debug;
		};
		6565F61490FB8C682C54FD27 /* Build configuration list for PBXNativeTarget "FiscalUITests" */ = {
			isa = XCConfigurationList;
			buildConfigurations = (
				D9E71945F25069405E0CABF4 /* Debug */,
				E273B91689B81EEA97A4A1E3 /* Release */,
			);
			defaultConfigurationIsVisible = 0;
			defaultConfigurationName = Debug;
		};
		9D5797AE7253A815B39EFC2D /* Build configuration list for PBXNativeTarget "FiscalKitTests" */ = {
			isa = XCConfigurationList;
			buildConfigurations = (
				A7EA2846A06CE821FA707BA7 /* Debug */,
				B65FE39EBB589A188AE4D3F3 /* Release */,
			);
			defaultConfigurationIsVisible = 0;
			defaultConfigurationName = Debug;
		};
		B1C53B00347A5A708B324476 /* Build configuration list for PBXNativeTarget "FiscalSnapshotTool" */ = {
			isa = XCConfigurationList;
			buildConfigurations = (
				5C91CEB4C32BB252A064D380 /* Debug */,
				BC9D45EBF09DB1993DDF903E /* Release */,
			);
			defaultConfigurationIsVisible = 0;
			defaultConfigurationName = Debug;
		};
		C8DE300D71DE9BA7352897FC /* Build configuration list for PBXNativeTarget "FiscalKit_macOS" */ = {
			isa = XCConfigurationList;
			buildConfigurations = (
				7A0FE7EA983CB3EFA03985AD /* Debug */,
				5FB754073EBC1F8E15321CA7 /* Release */,
			);
			defaultConfigurationIsVisible = 0;
			defaultConfigurationName = Debug;
		};
		CCFE5545F4C356D51A830F82 /* Build configuration list for PBXNativeTarget "FiscaliOS" */ = {
			isa = XCConfigurationList;
			buildConfigurations = (
				57745941697FC8A063EAC5A1 /* Debug */,
				2A02F921A2A7CF6D6AEDE642 /* Release */,
			);
			defaultConfigurationIsVisible = 0;
			defaultConfigurationName = Debug;
		};
		DE991A38B96670C5CC65EA38 /* Build configuration list for PBXProject "Fiscal" */ = {
			isa = XCConfigurationList;
			buildConfigurations = (
				8F5457A819B8A6D24B4E85E5 /* Debug */,
				F3CC6A2B31AB64FE9DCCFF54 /* Release */,
			);
			defaultConfigurationIsVisible = 0;
			defaultConfigurationName = Debug;
		};
		E47EC3D0B4B39A6785E00D0E /* Build configuration list for PBXNativeTarget "FiscalKit_iOS" */ = {
			isa = XCConfigurationList;
			buildConfigurations = (
				98169A0E786E4175E1062463 /* Debug */,
				DD469AE39676498330C628D8 /* Release */,
			);
			defaultConfigurationIsVisible = 0;
			defaultConfigurationName = Debug;
		};
/* End XCConfigurationList section */
	};
	rootObject = DADC49572FB901351DC0BBED /* Project object */;
}
